{
  "version": 4,
  "terraform_version": "1.3.3",
  "serial": 295,
  "lineage": "c6b4eabc-e436-4605-9b89-8ec168c17950",
  "outputs": {
    "database_public_ip": {
      "value": "35.196.56.47",
      "type": "string"
    },
    "database_public_password": {
      "value": "(yTbjt{XPlQmXzeO",
      "type": "string",
      "sensitive": true
    },
    "locust_public_ip": {
      "value": "34.73.123.145",
      "type": "string"
    },
    "nfs_server_public_ip": {
      "value": "35.196.2.189",
      "type": "string"
    },
    "webserver_public_ip": {
      "value": "35.185.125.48",
      "type": "string"
    },
    "worker_public_ip": {
      "value": "34.138.198.48",
      "type": "string"
    }
  },
  "resources": [
    {
      "mode": "managed",
      "type": "google_compute_firewall",
      "name": "locust_firewall",
      "provider": "provider[\"registry.terraform.io/hashicorp/google\"]",
      "instances": [
        {
          "schema_version": 1,
          "attributes": {
            "allow": [
              {
                "ports": [
                  "22",
                  "8089"
                ],
                "protocol": "tcp"
              }
            ],
            "creation_timestamp": "2023-04-22T19:16:54.654-07:00",
            "deny": [],
            "description": "",
            "destination_ranges": [],
            "direction": "INGRESS",
            "disabled": false,
            "enable_logging": null,
            "id": "projects/andes-384517/global/firewalls/locust-firewall",
            "log_config": [],
            "name": "locust-firewall",
            "network": "https://www.googleapis.com/compute/v1/projects/andes-384517/global/networks/default",
            "priority": 1000,
            "project": "andes-384517",
            "self_link": "https://www.googleapis.com/compute/v1/projects/andes-384517/global/firewalls/locust-firewall",
            "source_ranges": [
              "0.0.0.0/0"
            ],
            "source_service_accounts": [],
            "source_tags": [],
            "target_service_accounts": [],
            "target_tags": [
              "locust"
            ],
            "timeouts": null
          },
          "sensitive_attributes": [],
          "private": "eyJlMmJmYjczMC1lY2FhLTExZTYtOGY4OC0zNDM2M2JjN2M0YzAiOnsiY3JlYXRlIjoxMjAwMDAwMDAwMDAwLCJkZWxldGUiOjEyMDAwMDAwMDAwMDAsInVwZGF0ZSI6MTIwMDAwMDAwMDAwMH0sInNjaGVtYV92ZXJzaW9uIjoiMSJ9",
          "dependencies": [
            "google_compute_instance.locust"
          ]
        }
      ]
    },
    {
      "mode": "managed",
      "type": "google_compute_firewall",
      "name": "nfs_server",
      "provider": "provider[\"registry.terraform.io/hashicorp/google\"]",
      "instances": [
        {
          "schema_version": 1,
          "attributes": {
            "allow": [
              {
                "ports": [
                  "2049",
                  "111",
                  "20048"
                ],
                "protocol": "tcp"
              }
            ],
            "creation_timestamp": "2023-04-22T15:07:58.412-07:00",
            "deny": [],
            "description": "",
            "destination_ranges": [],
            "direction": "INGRESS",
            "disabled": false,
            "enable_logging": null,
            "id": "projects/andes-384517/global/firewalls/nfs-server-firewall",
            "log_config": [],
            "name": "nfs-server-firewall",
            "network": "https://www.googleapis.com/compute/v1/projects/andes-384517/global/networks/default",
            "priority": 1000,
            "project": "andes-384517",
            "self_link": "https://www.googleapis.com/compute/v1/projects/andes-384517/global/firewalls/nfs-server-firewall",
            "source_ranges": [
              "0.0.0.0/0"
            ],
            "source_service_accounts": [],
            "source_tags": [],
            "target_service_accounts": [],
            "target_tags": [
              "nfs-server"
            ],
            "timeouts": null
          },
          "sensitive_attributes": [],
          "private": "eyJlMmJmYjczMC1lY2FhLTExZTYtOGY4OC0zNDM2M2JjN2M0YzAiOnsiY3JlYXRlIjoxMjAwMDAwMDAwMDAwLCJkZWxldGUiOjEyMDAwMDAwMDAwMDAsInVwZGF0ZSI6MTIwMDAwMDAwMDAwMH0sInNjaGVtYV92ZXJzaW9uIjoiMSJ9",
          "dependencies": [
            "google_compute_instance.nfs_server",
            "google_service_account.default"
          ]
        }
      ]
    },
    {
      "mode": "managed",
      "type": "google_compute_firewall",
      "name": "web_server_firewall",
      "provider": "provider[\"registry.terraform.io/hashicorp/google\"]",
      "instances": [
        {
          "schema_version": 1,
          "attributes": {
            "allow": [
              {
                "ports": [
                  "22",
                  "80"
                ],
                "protocol": "tcp"
              }
            ],
            "creation_timestamp": "2023-04-22T15:08:11.402-07:00",
            "deny": [],
            "description": "",
            "destination_ranges": [],
            "direction": "INGRESS",
            "disabled": false,
            "enable_logging": null,
            "id": "projects/andes-384517/global/firewalls/web-server-firewall",
            "log_config": [],
            "name": "web-server-firewall",
            "network": "https://www.googleapis.com/compute/v1/projects/andes-384517/global/networks/default",
            "priority": 1000,
            "project": "andes-384517",
            "self_link": "https://www.googleapis.com/compute/v1/projects/andes-384517/global/firewalls/web-server-firewall",
            "source_ranges": [
              "0.0.0.0/0"
            ],
            "source_service_accounts": [],
            "source_tags": [],
            "target_service_accounts": [],
            "target_tags": [
              "web-server"
            ],
            "timeouts": null
          },
          "sensitive_attributes": [],
          "private": "eyJlMmJmYjczMC1lY2FhLTExZTYtOGY4OC0zNDM2M2JjN2M0YzAiOnsiY3JlYXRlIjoxMjAwMDAwMDAwMDAwLCJkZWxldGUiOjEyMDAwMDAwMDAwMDAsInVwZGF0ZSI6MTIwMDAwMDAwMDAwMH0sInNjaGVtYV92ZXJzaW9uIjoiMSJ9",
          "dependencies": [
            "google_compute_instance.nfs_server",
            "google_compute_instance.web_server",
            "google_compute_instance.worker",
            "google_service_account.allow_zipped_app",
            "google_service_account.default",
            "google_sql_database.app_db",
            "google_sql_database_instance.postgresql_instance",
            "google_sql_user.app_user",
            "random_password.postgresql_password"
          ]
        }
      ]
    },
    {
      "mode": "managed",
      "type": "google_compute_firewall",
      "name": "worker_firewall",
      "provider": "provider[\"registry.terraform.io/hashicorp/google\"]",
      "instances": [
        {
          "schema_version": 1,
          "attributes": {
            "allow": [
              {
                "ports": [
                  "22",
                  "5555",
                  "5672",
                  "15672"
                ],
                "protocol": "tcp"
              }
            ],
            "creation_timestamp": "2023-04-22T15:07:58.406-07:00",
            "deny": [],
            "description": "",
            "destination_ranges": [],
            "direction": "INGRESS",
            "disabled": false,
            "enable_logging": null,
            "id": "projects/andes-384517/global/firewalls/worker-firewall",
            "log_config": [],
            "name": "worker-firewall",
            "network": "https://www.googleapis.com/compute/v1/projects/andes-384517/global/networks/default",
            "priority": 1000,
            "project": "andes-384517",
            "self_link": "https://www.googleapis.com/compute/v1/projects/andes-384517/global/firewalls/worker-firewall",
            "source_ranges": [
              "0.0.0.0/0"
            ],
            "source_service_accounts": [],
            "source_tags": [],
            "target_service_accounts": [],
            "target_tags": [
              "worker"
            ],
            "timeouts": null
          },
          "sensitive_attributes": [],
          "private": "eyJlMmJmYjczMC1lY2FhLTExZTYtOGY4OC0zNDM2M2JjN2M0YzAiOnsiY3JlYXRlIjoxMjAwMDAwMDAwMDAwLCJkZWxldGUiOjEyMDAwMDAwMDAwMDAsInVwZGF0ZSI6MTIwMDAwMDAwMDAwMH0sInNjaGVtYV92ZXJzaW9uIjoiMSJ9",
          "dependencies": [
            "google_compute_instance.nfs_server",
            "google_compute_instance.worker",
            "google_service_account.allow_zipped_app",
            "google_service_account.default",
            "google_sql_database.app_db",
            "google_sql_database_instance.postgresql_instance",
            "google_sql_user.app_user",
            "random_password.postgresql_password"
          ]
        }
      ]
    },
    {
      "mode": "managed",
      "type": "google_compute_instance",
      "name": "locust",
      "provider": "provider[\"registry.terraform.io/hashicorp/google\"]",
      "instances": [
        {
          "schema_version": 6,
          "attributes": {
            "advanced_machine_features": [],
            "allow_stopping_for_update": null,
            "attached_disk": [],
            "boot_disk": [
              {
                "auto_delete": true,
                "device_name": "persistent-disk-0",
                "disk_encryption_key_raw": "",
                "disk_encryption_key_sha256": "",
                "initialize_params": [
                  {
                    "image": "https://www.googleapis.com/compute/v1/projects/debian-cloud/global/images/debian-10-buster-v20230411",
                    "labels": {},
                    "size": 10,
                    "type": "pd-standard"
                  }
                ],
                "kms_key_self_link": "",
                "mode": "READ_WRITE",
                "source": "https://www.googleapis.com/compute/v1/projects/andes-384517/zones/us-east1-b/disks/locust-instance"
              }
            ],
            "can_ip_forward": false,
            "confidential_instance_config": [],
            "cpu_platform": "Intel Haswell",
            "current_status": "RUNNING",
            "deletion_protection": false,
            "description": "",
            "desired_status": null,
            "enable_display": false,
            "guest_accelerator": [],
            "hostname": "",
            "id": "projects/andes-384517/zones/us-east1-b/instances/locust-instance",
            "instance_id": "3064007707639491557",
            "label_fingerprint": "42WmSpB8rSM=",
            "labels": {},
            "machine_type": "n1-highcpu-2",
            "metadata": {},
            "metadata_fingerprint": "TJpI_DOBoVk=",
            "metadata_startup_script": "sudo apt-get update\nsudo apt-get install -y python3-pip\n\nsudo pip3 install locust\n",
            "min_cpu_platform": "",
            "name": "locust-instance",
            "network_interface": [
              {
                "access_config": [
                  {
                    "nat_ip": "34.73.123.145",
                    "network_tier": "PREMIUM",
                    "public_ptr_domain_name": ""
                  }
                ],
                "alias_ip_range": [],
                "ipv6_access_config": [],
                "ipv6_access_type": "",
                "name": "nic0",
                "network": "https://www.googleapis.com/compute/v1/projects/andes-384517/global/networks/default",
                "network_ip": "10.142.0.30",
                "nic_type": "",
                "queue_count": 0,
                "stack_type": "IPV4_ONLY",
                "subnetwork": "https://www.googleapis.com/compute/v1/projects/andes-384517/regions/us-east1/subnetworks/default",
                "subnetwork_project": "andes-384517"
              }
            ],
            "project": "andes-384517",
            "reservation_affinity": [],
            "resource_policies": [],
            "scheduling": [
              {
                "automatic_restart": true,
                "instance_termination_action": "",
                "min_node_cpus": 0,
                "node_affinities": [],
                "on_host_maintenance": "MIGRATE",
                "preemptible": false,
                "provisioning_model": "STANDARD"
              }
            ],
            "scratch_disk": [],
            "self_link": "https://www.googleapis.com/compute/v1/projects/andes-384517/zones/us-east1-b/instances/locust-instance",
            "service_account": [],
            "shielded_instance_config": [
              {
                "enable_integrity_monitoring": true,
                "enable_secure_boot": false,
                "enable_vtpm": true
              }
            ],
            "tags": [
              "locust"
            ],
            "tags_fingerprint": "gsA5M00Oueg=",
            "timeouts": null,
            "zone": "us-east1-b"
          },
          "sensitive_attributes": [],
          "private": "eyJlMmJmYjczMC1lY2FhLTExZTYtOGY4OC0zNDM2M2JjN2M0YzAiOnsiY3JlYXRlIjoxMjAwMDAwMDAwMDAwLCJkZWxldGUiOjEyMDAwMDAwMDAwMDAsInVwZGF0ZSI6MTIwMDAwMDAwMDAwMH0sInNjaGVtYV92ZXJzaW9uIjoiNiJ9"
        }
      ]
    },
    {
      "mode": "managed",
      "type": "google_compute_instance",
      "name": "nfs_server",
      "provider": "provider[\"registry.terraform.io/hashicorp/google\"]",
      "instances": [
        {
          "schema_version": 6,
          "attributes": {
            "advanced_machine_features": [],
            "allow_stopping_for_update": null,
            "attached_disk": [],
            "boot_disk": [
              {
                "auto_delete": true,
                "device_name": "persistent-disk-0",
                "disk_encryption_key_raw": "",
                "disk_encryption_key_sha256": "",
                "initialize_params": [
                  {
                    "image": "https://www.googleapis.com/compute/v1/projects/debian-cloud/global/images/debian-10-buster-v20230411",
                    "labels": {},
                    "size": 10,
                    "type": "pd-standard"
                  }
                ],
                "kms_key_self_link": "",
                "mode": "READ_WRITE",
                "source": "https://www.googleapis.com/compute/v1/projects/andes-384517/zones/us-east1-b/disks/nfs-server"
              }
            ],
            "can_ip_forward": false,
            "confidential_instance_config": [],
            "cpu_platform": "Intel Haswell",
            "current_status": "RUNNING",
            "deletion_protection": false,
            "description": "",
            "desired_status": null,
            "enable_display": false,
            "guest_accelerator": [],
            "hostname": "",
            "id": "projects/andes-384517/zones/us-east1-b/instances/nfs-server",
            "instance_id": "6175867017177453137",
            "label_fingerprint": "42WmSpB8rSM=",
            "labels": {},
            "machine_type": "f1-micro",
            "metadata": {},
            "metadata_fingerprint": "1Y88oPHp86g=",
            "metadata_startup_script": "#!/bin/bash\napt-get update\napt-get install -y nfs-kernel-server\nmkdir -p /mnt/nfs\nchmod 777 /mnt/nfs\necho \"/mnt/nfs *(rw,sync,no_root_squash,no_subtree_check)\" \u003e\u003e /etc/exports\nexportfs -a\n",
            "min_cpu_platform": "",
            "name": "nfs-server",
            "network_interface": [
              {
                "access_config": [
                  {
                    "nat_ip": "35.196.2.189",
                    "network_tier": "PREMIUM",
                    "public_ptr_domain_name": ""
                  }
                ],
                "alias_ip_range": [],
                "ipv6_access_config": [],
                "ipv6_access_type": "",
                "name": "nic0",
                "network": "https://www.googleapis.com/compute/v1/projects/andes-384517/global/networks/default",
                "network_ip": "10.142.0.21",
                "nic_type": "",
                "queue_count": 0,
                "stack_type": "IPV4_ONLY",
                "subnetwork": "https://www.googleapis.com/compute/v1/projects/andes-384517/regions/us-east1/subnetworks/default",
                "subnetwork_project": "andes-384517"
              }
            ],
            "project": "andes-384517",
            "reservation_affinity": [],
            "resource_policies": [],
            "scheduling": [
              {
                "automatic_restart": true,
                "instance_termination_action": "",
                "min_node_cpus": 0,
                "node_affinities": [],
                "on_host_maintenance": "MIGRATE",
                "preemptible": false,
                "provisioning_model": "STANDARD"
              }
            ],
            "scratch_disk": [],
            "self_link": "https://www.googleapis.com/compute/v1/projects/andes-384517/zones/us-east1-b/instances/nfs-server",
            "service_account": [
              {
                "email": "nfs-server-sa@andes-384517.iam.gserviceaccount.com",
                "scopes": [
                  "https://www.googleapis.com/auth/cloud-platform"
                ]
              }
            ],
            "shielded_instance_config": [
              {
                "enable_integrity_monitoring": true,
                "enable_secure_boot": false,
                "enable_vtpm": true
              }
            ],
            "tags": [
              "nfs-server"
            ],
            "tags_fingerprint": "WSJydbuEaPU=",
            "timeouts": null,
            "zone": "us-east1-b"
          },
          "sensitive_attributes": [],
          "private": "eyJlMmJmYjczMC1lY2FhLTExZTYtOGY4OC0zNDM2M2JjN2M0YzAiOnsiY3JlYXRlIjoxMjAwMDAwMDAwMDAwLCJkZWxldGUiOjEyMDAwMDAwMDAwMDAsInVwZGF0ZSI6MTIwMDAwMDAwMDAwMH0sInNjaGVtYV92ZXJzaW9uIjoiNiJ9",
          "dependencies": [
            "google_service_account.default"
          ]
        }
      ]
    },
    {
      "mode": "managed",
      "type": "google_compute_instance",
      "name": "web_server",
      "provider": "provider[\"registry.terraform.io/hashicorp/google\"]",
      "instances": [
        {
          "schema_version": 6,
          "attributes": {
            "advanced_machine_features": [],
            "allow_stopping_for_update": null,
            "attached_disk": [],
            "boot_disk": [
              {
                "auto_delete": true,
                "device_name": "persistent-disk-0",
                "disk_encryption_key_raw": "",
                "disk_encryption_key_sha256": "",
                "initialize_params": [
                  {
                    "image": "https://www.googleapis.com/compute/v1/projects/debian-cloud/global/images/debian-10-buster-v20230411",
                    "labels": {},
                    "size": 10,
                    "type": "pd-standard"
                  }
                ],
                "kms_key_self_link": "",
                "mode": "READ_WRITE",
                "source": "https://www.googleapis.com/compute/v1/projects/andes-384517/zones/us-east1-b/disks/web-server"
              }
            ],
            "can_ip_forward": false,
            "confidential_instance_config": [],
            "cpu_platform": "Intel Haswell",
            "current_status": "RUNNING",
            "deletion_protection": false,
            "description": "",
            "desired_status": null,
            "enable_display": false,
            "guest_accelerator": [],
            "hostname": "",
            "id": "projects/andes-384517/zones/us-east1-b/instances/web-server",
            "instance_id": "5767861728400981494",
            "label_fingerprint": "42WmSpB8rSM=",
            "labels": {},
            "machine_type": "f1-micro",
            "metadata": {},
            "metadata_fingerprint": "oyfuU9yhy54=",
            "metadata_startup_script": "#!/bin/bash\n\n# install docker and docker-compose\nsudo apt update \u0026\u0026 sudo apt install -y \\\n  apt-transport-https \\\n  ca-certificates \\\n  curl \\\n  gnupg2 \\\n  gnupg-agent \\\n  software-properties-common \\\n  unzip \\\n  nfs-common\n\nsudo mount 35.196.2.189:/mnt/nfs /mnt/nfs\n\n# Set environment variables\nmkdir -p .envs/.local\necho \"POSTGRES_HOST=35.196.56.47\" \u003e\u003e .envs/.local/.flask\necho \"POSTGRES_PORT=5432\" \u003e\u003e .envs/.local/.flask\necho \"POSTGRES_DB=app_db\" \u003e\u003e .envs/.local/.flask\necho \"POSTGRES_USER=app\" \u003e\u003e .envs/.local/.flask\necho \"POSTGRES_PASSWORD=(yTbjt{XPlQmXzeO\" \u003e\u003e .envs/.local/.flask\necho \"CELERY_BROKER=amqp://guest:guest@34.138.198.48/\" \u003e\u003e .envs/.local/.flask\n\ncurl -fsSL https://download.docker.com/linux/debian/gpg | sudo apt-key add -\nsudo add-apt-repository \"deb [arch=amd64] https://download.docker.com/linux/debian $(lsb_release -cs) stable\"\n\nsudo apt update \u0026\u0026 apt-cache policy docker-ce \u0026\u0026 sudo apt install -y \\\n  docker-ce \\\n  docker-ce-cli \\\n  containerd.io\n\ncurl -L https://github.com/docker/compose/releases/download/1.29.1/docker-compose-$(uname -s)-$(uname -m) -o /usr/local/bin/docker-compose\nchmod +x /usr/local/bin/docker-compose\n\n# Download the application and run Docker Compose\ngsutil cp gs://flas-app/flask-app.zip /\nunzip file\\:/flask-app.zip\n\ndocker-compose -f production.web-server.yml run --rm app flask db upgrade\ndocker-compose -f production.web-server.yml up -d\n",
            "min_cpu_platform": "",
            "name": "web-server",
            "network_interface": [
              {
                "access_config": [
                  {
                    "nat_ip": "35.185.125.48",
                    "network_tier": "PREMIUM",
                    "public_ptr_domain_name": ""
                  }
                ],
                "alias_ip_range": [],
                "ipv6_access_config": [],
                "ipv6_access_type": "",
                "name": "nic0",
                "network": "https://www.googleapis.com/compute/v1/projects/andes-384517/global/networks/default",
                "network_ip": "10.142.0.29",
                "nic_type": "",
                "queue_count": 0,
                "stack_type": "IPV4_ONLY",
                "subnetwork": "https://www.googleapis.com/compute/v1/projects/andes-384517/regions/us-east1/subnetworks/default",
                "subnetwork_project": "andes-384517"
              }
            ],
            "project": "andes-384517",
            "reservation_affinity": [],
            "resource_policies": [],
            "scheduling": [
              {
                "automatic_restart": true,
                "instance_termination_action": "",
                "min_node_cpus": 0,
                "node_affinities": [],
                "on_host_maintenance": "MIGRATE",
                "preemptible": false,
                "provisioning_model": "STANDARD"
              }
            ],
            "scratch_disk": [],
            "self_link": "https://www.googleapis.com/compute/v1/projects/andes-384517/zones/us-east1-b/instances/web-server",
            "service_account": [
              {
                "email": "allow-zip-sa@andes-384517.iam.gserviceaccount.com",
                "scopes": [
                  "https://www.googleapis.com/auth/devstorage.read_only"
                ]
              }
            ],
            "shielded_instance_config": [
              {
                "enable_integrity_monitoring": true,
                "enable_secure_boot": false,
                "enable_vtpm": true
              }
            ],
            "tags": [
              "web-server"
            ],
            "tags_fingerprint": "Fcv0aJ--8z8=",
            "timeouts": null,
            "zone": "us-east1-b"
          },
          "sensitive_attributes": [
            [
              {
                "type": "get_attr",
                "value": "metadata_startup_script"
              }
            ]
          ],
          "private": "eyJlMmJmYjczMC1lY2FhLTExZTYtOGY4OC0zNDM2M2JjN2M0YzAiOnsiY3JlYXRlIjoxMjAwMDAwMDAwMDAwLCJkZWxldGUiOjEyMDAwMDAwMDAwMDAsInVwZGF0ZSI6MTIwMDAwMDAwMDAwMH0sInNjaGVtYV92ZXJzaW9uIjoiNiJ9",
          "dependencies": [
            "google_compute_instance.nfs_server",
            "google_compute_instance.worker",
            "google_service_account.allow_zipped_app",
            "google_service_account.default",
            "google_sql_database.app_db",
            "google_sql_database_instance.postgresql_instance",
            "google_sql_user.app_user",
            "random_password.postgresql_password"
          ]
        }
      ]
    },
    {
      "mode": "managed",
      "type": "google_compute_instance",
      "name": "worker",
      "provider": "provider[\"registry.terraform.io/hashicorp/google\"]",
      "instances": [
        {
          "schema_version": 6,
          "attributes": {
            "advanced_machine_features": [],
            "allow_stopping_for_update": null,
            "attached_disk": [],
            "boot_disk": [
              {
                "auto_delete": true,
                "device_name": "persistent-disk-0",
                "disk_encryption_key_raw": "",
                "disk_encryption_key_sha256": "",
                "initialize_params": [
                  {
                    "image": "https://www.googleapis.com/compute/v1/projects/debian-cloud/global/images/debian-10-buster-v20230411",
                    "labels": {},
                    "size": 10,
                    "type": "pd-standard"
                  }
                ],
                "kms_key_self_link": "",
                "mode": "READ_WRITE",
                "source": "https://www.googleapis.com/compute/v1/projects/andes-384517/zones/us-east1-b/disks/worker"
              }
            ],
            "can_ip_forward": false,
            "confidential_instance_config": [],
            "cpu_platform": "Intel Haswell",
            "current_status": "RUNNING",
            "deletion_protection": false,
            "description": "",
            "desired_status": null,
            "enable_display": false,
            "guest_accelerator": [],
            "hostname": "",
            "id": "projects/andes-384517/zones/us-east1-b/instances/worker",
            "instance_id": "6701052250877935075",
            "label_fingerprint": "42WmSpB8rSM=",
            "labels": {},
            "machine_type": "f1-micro",
            "metadata": {},
            "metadata_fingerprint": "3nKw-jctUVc=",
            "metadata_startup_script": "#!/bin/bash\n\n# install docker and docker-compose\nsudo apt update \u0026\u0026 sudo apt install -y \\\n  apt-transport-https \\\n  ca-certificates \\\n  curl \\\n  gnupg2 \\\n  gnupg-agent \\\n  software-properties-common \\\n  unzip \\\n  nfs-common\n\nsudo mount 35.196.2.189:/mnt/nfs /mnt/nfs\n\n# Set environment variables\nmkdir -p .envs/.local\necho \"POSTGRES_HOST=35.196.56.47\" \u003e\u003e .envs/.local/.flask\necho \"POSTGRES_PORT=5432\" \u003e\u003e .envs/.local/.flask\necho \"POSTGRES_DB=app_db\" \u003e\u003e .envs/.local/.flask\necho \"POSTGRES_USER=app\" \u003e\u003e .envs/.local/.flask\necho \"POSTGRES_PASSWORD=(yTbjt{XPlQmXzeO\" \u003e\u003e .envs/.local/.flask\necho \"CELERY_BROKER=amqp://guest:guest@rabbitmq/\" \u003e\u003e .envs/.local/.flask\n\ncurl -fsSL https://download.docker.com/linux/debian/gpg | sudo apt-key add -\nsudo add-apt-repository \"deb [arch=amd64] https://download.docker.com/linux/debian $(lsb_release -cs) stable\"\n\nsudo apt update \u0026\u0026 apt-cache policy docker-ce \u0026\u0026 sudo apt install -y \\\n  docker-ce \\\n  docker-ce-cli \\\n  containerd.io\n\ncurl -L https://github.com/docker/compose/releases/download/1.29.1/docker-compose-$(uname -s)-$(uname -m) -o /usr/local/bin/docker-compose\nchmod +x /usr/local/bin/docker-compose\n\ngsutil cp gs://flas-app/flask-app.zip /\nunzip file\\:/flask-app.zip\n\ndocker-compose -f production.worker.yml up -d\n",
            "min_cpu_platform": "",
            "name": "worker",
            "network_interface": [
              {
                "access_config": [
                  {
                    "nat_ip": "34.138.198.48",
                    "network_tier": "PREMIUM",
                    "public_ptr_domain_name": ""
                  }
                ],
                "alias_ip_range": [],
                "ipv6_access_config": [],
                "ipv6_access_type": "",
                "name": "nic0",
                "network": "https://www.googleapis.com/compute/v1/projects/andes-384517/global/networks/default",
                "network_ip": "10.142.0.28",
                "nic_type": "",
                "queue_count": 0,
                "stack_type": "IPV4_ONLY",
                "subnetwork": "https://www.googleapis.com/compute/v1/projects/andes-384517/regions/us-east1/subnetworks/default",
                "subnetwork_project": "andes-384517"
              }
            ],
            "project": "andes-384517",
            "reservation_affinity": [],
            "resource_policies": [],
            "scheduling": [
              {
                "automatic_restart": true,
                "instance_termination_action": "",
                "min_node_cpus": 0,
                "node_affinities": [],
                "on_host_maintenance": "MIGRATE",
                "preemptible": false,
                "provisioning_model": "STANDARD"
              }
            ],
            "scratch_disk": [],
            "self_link": "https://www.googleapis.com/compute/v1/projects/andes-384517/zones/us-east1-b/instances/worker",
            "service_account": [
              {
                "email": "allow-zip-sa@andes-384517.iam.gserviceaccount.com",
                "scopes": [
                  "https://www.googleapis.com/auth/devstorage.read_only"
                ]
              }
            ],
            "shielded_instance_config": [
              {
                "enable_integrity_monitoring": true,
                "enable_secure_boot": false,
                "enable_vtpm": true
              }
            ],
            "tags": [
              "worker"
            ],
            "tags_fingerprint": "uvqiNQvnefU=",
            "timeouts": null,
            "zone": "us-east1-b"
          },
          "sensitive_attributes": [
            [
              {
                "type": "get_attr",
                "value": "metadata_startup_script"
              }
            ]
          ],
          "private": "eyJlMmJmYjczMC1lY2FhLTExZTYtOGY4OC0zNDM2M2JjN2M0YzAiOnsiY3JlYXRlIjoxMjAwMDAwMDAwMDAwLCJkZWxldGUiOjEyMDAwMDAwMDAwMDAsInVwZGF0ZSI6MTIwMDAwMDAwMDAwMH0sInNjaGVtYV92ZXJzaW9uIjoiNiJ9",
          "dependencies": [
            "google_compute_instance.nfs_server",
            "google_service_account.allow_zipped_app",
            "google_service_account.default",
            "google_sql_database.app_db",
            "google_sql_database_instance.postgresql_instance",
            "google_sql_user.app_user",
            "random_password.postgresql_password"
          ]
        }
      ]
    },
    {
      "mode": "managed",
      "type": "google_service_account",
      "name": "allow_zipped_app",
      "provider": "provider[\"registry.terraform.io/hashicorp/google\"]",
      "instances": [
        {
          "schema_version": 0,
          "attributes": {
            "account_id": "allow-zip-sa",
            "description": "",
            "disabled": false,
            "display_name": "Allow Zip Account",
            "email": "allow-zip-sa@andes-384517.iam.gserviceaccount.com",
            "id": "projects/andes-384517/serviceAccounts/allow-zip-sa@andes-384517.iam.gserviceaccount.com",
            "member": "serviceAccount:allow-zip-sa@andes-384517.iam.gserviceaccount.com",
            "name": "projects/andes-384517/serviceAccounts/allow-zip-sa@andes-384517.iam.gserviceaccount.com",
            "project": "andes-384517",
            "timeouts": null,
            "unique_id": "118160040057846633998"
          },
          "sensitive_attributes": [],
          "private": "eyJlMmJmYjczMC1lY2FhLTExZTYtOGY4OC0zNDM2M2JjN2M0YzAiOnsiY3JlYXRlIjozMDAwMDAwMDAwMDB9fQ=="
        }
      ]
    },
    {
      "mode": "managed",
      "type": "google_service_account",
      "name": "default",
      "provider": "provider[\"registry.terraform.io/hashicorp/google\"]",
      "instances": [
        {
          "schema_version": 0,
          "attributes": {
            "account_id": "nfs-server-sa",
            "description": "",
            "disabled": false,
            "display_name": "Service Account",
            "email": "nfs-server-sa@andes-384517.iam.gserviceaccount.com",
            "id": "projects/andes-384517/serviceAccounts/nfs-server-sa@andes-384517.iam.gserviceaccount.com",
            "member": "serviceAccount:nfs-server-sa@andes-384517.iam.gserviceaccount.com",
            "name": "projects/andes-384517/serviceAccounts/nfs-server-sa@andes-384517.iam.gserviceaccount.com",
            "project": "andes-384517",
            "timeouts": null,
            "unique_id": "105573937160845128772"
          },
          "sensitive_attributes": [],
          "private": "eyJlMmJmYjczMC1lY2FhLTExZTYtOGY4OC0zNDM2M2JjN2M0YzAiOnsiY3JlYXRlIjozMDAwMDAwMDAwMDB9fQ=="
        }
      ]
    },
    {
      "mode": "managed",
      "type": "google_sql_database",
      "name": "app_db",
      "provider": "provider[\"registry.terraform.io/hashicorp/google\"]",
      "instances": [
        {
          "schema_version": 0,
          "attributes": {
            "charset": "UTF8",
            "collation": "en_US.UTF8",
            "deletion_policy": "DELETE",
            "id": "projects/andes-384517/instances/postgresql-instance/databases/app_db",
            "instance": "postgresql-instance",
            "name": "app_db",
            "project": "andes-384517",
            "self_link": "https://sqladmin.googleapis.com/sql/v1beta4/projects/andes-384517/instances/postgresql-instance/databases/app_db",
            "timeouts": null
          },
          "sensitive_attributes": [],
          "private": "eyJlMmJmYjczMC1lY2FhLTExZTYtOGY4OC0zNDM2M2JjN2M0YzAiOnsiY3JlYXRlIjoxMjAwMDAwMDAwMDAwLCJkZWxldGUiOjEyMDAwMDAwMDAwMDAsInVwZGF0ZSI6MTIwMDAwMDAwMDAwMH19",
          "dependencies": [
            "google_sql_database_instance.postgresql_instance"
          ]
        }
      ]
    },
    {
      "mode": "managed",
      "type": "google_sql_database_instance",
      "name": "postgresql_instance",
      "provider": "provider[\"registry.terraform.io/hashicorp/google\"]",
      "instances": [
        {
          "schema_version": 0,
          "attributes": {
            "available_maintenance_versions": [],
            "clone": [],
            "connection_name": "andes-384517:us-east1:postgresql-instance",
            "database_version": "POSTGRES_11",
            "deletion_protection": true,
            "encryption_key_name": null,
            "first_ip_address": "35.196.56.47",
            "id": "postgresql-instance",
            "instance_type": "CLOUD_SQL_INSTANCE",
            "ip_address": [
              {
                "ip_address": "35.196.56.47",
                "time_to_retire": "",
                "type": "PRIMARY"
              },
              {
                "ip_address": "34.148.200.41",
                "time_to_retire": "",
                "type": "OUTGOING"
              }
            ],
            "maintenance_version": "POSTGRES_11_17.R20230316.02_02",
            "master_instance_name": "",
            "name": "postgresql-instance",
            "private_ip_address": "",
            "project": "andes-384517",
            "public_ip_address": "35.196.56.47",
            "region": "us-east1",
            "replica_configuration": [],
            "restore_backup_context": [],
            "root_password": null,
            "self_link": "https://sqladmin.googleapis.com/sql/v1beta4/projects/andes-384517/instances/postgresql-instance",
            "server_ca_cert": [
              {
                "cert": "-----BEGIN CERTIFICATE-----\nMIIDfzCCAmegAwIBAgIBADANBgkqhkiG9w0BAQsFADB3MS0wKwYDVQQuEyRmN2Iz\nZTY1YS01NzM1LTRiM2UtOWFkZi01NzM1MWUwZjYwMTgxIzAhBgNVBAMTGkdvb2ds\nZSBDbG91ZCBTUUwgU2VydmVyIENBMRQwEgYDVQQKEwtHb29nbGUsIEluYzELMAkG\nA1UEBhMCVVMwHhcNMjMwNDIyMjEyMTUwWhcNMzMwNDE5MjEyMjUwWjB3MS0wKwYD\nVQQuEyRmN2IzZTY1YS01NzM1LTRiM2UtOWFkZi01NzM1MWUwZjYwMTgxIzAhBgNV\nBAMTGkdvb2dsZSBDbG91ZCBTUUwgU2VydmVyIENBMRQwEgYDVQQKEwtHb29nbGUs\nIEluYzELMAkGA1UEBhMCVVMwggEiMA0GCSqGSIb3DQEBAQUAA4IBDwAwggEKAoIB\nAQCBE0tMkYxIuNduMWf75Hy12SBgrRRdvqGJ9oRvd8GA4ThnAN8R3zIJjF2Gfro5\nqF+yf37j7T9jL6UW66wlnNbXtCjSB61flWxXu9LUsdeFOquStDJu77n0mCQIdZhZ\n/7ltIdWmtmEA2x6el3JF4Qzgobzzg4ZA9uv0ksRiIRl5soRuc1tZXZ2O+G1PfVPC\nVbCROsmLBnzcc2YIpNxaIpPDF07szO9ESo8fP6Ve+eNFYBhYgXCz61m0GxiLQ9sd\nprkEk0LLw5CyjulcUNtNvP6pIg77jNCsyHL5aRJmaIjEWNZYBZHORMh21l1UdfXc\nbxBr0CMxXXLa11K+GCAXE5m5AgMBAAGjFjAUMBIGA1UdEwEB/wQIMAYBAf8CAQAw\nDQYJKoZIhvcNAQELBQADggEBACWzYfN9CL7fKRYlRdJwvQuUnnNB5W2Qu18iVVPY\namqazJM+k9eblnQYABnnRMqzVYDwt1WQBoZTFLQzOJPpZdLOIwrZeD9fbtWC8JFO\nLMbe2MBgk51eOTFbrHbTiJsWu3Zp40pCV0OnAkfWj+t/G7ITWsByDxz5RpOeo5ie\n4hrpLhArY6fGj+qmPeWEDWGEyYFzXmpEJ0aG/XJiRoZV9e57hXh+VKtrf5ucHT2S\nyvnEpQaKEnxAXDOvGLzVrIHZ4WAT6KntNMzZfGMfqRV+h6s2s2qoss7p0n/EyrsV\nlqyvw1T+h8IAFMDJAPDJScUTIf6frGoq5ur2dTWGwIn/f6s=\n-----END CERTIFICATE-----",
                "common_name": "C=US,O=Google\\, Inc,CN=Google Cloud SQL Server CA,dnQualifier=f7b3e65a-5735-4b3e-9adf-57351e0f6018",
                "create_time": "2023-04-22T21:21:50.437Z",
                "expiration_time": "2033-04-19T21:22:50.437Z",
                "sha1_fingerprint": "1af26053fd6a440caeb5baa4dc6839a2bcf9f9b4"
              }
            ],
            "service_account_email_address": "p465374495373-zptya1@gcp-sa-cloud-sql.iam.gserviceaccount.com",
            "settings": [
              {
                "activation_policy": "ALWAYS",
                "active_directory_config": [],
                "availability_type": "ZONAL",
                "backup_configuration": [
                  {
                    "backup_retention_settings": [
                      {
                        "retained_backups": 7,
                        "retention_unit": "COUNT"
                      }
                    ],
                    "binary_log_enabled": false,
                    "enabled": false,
                    "location": "",
                    "point_in_time_recovery_enabled": false,
                    "start_time": "21:00",
                    "transaction_log_retention_days": 7
                  }
                ],
                "collation": "",
                "connector_enforcement": "NOT_REQUIRED",
                "database_flags": [],
                "deletion_protection_enabled": false,
                "deny_maintenance_period": [],
                "disk_autoresize": true,
                "disk_autoresize_limit": 0,
                "disk_size": 10,
                "disk_type": "PD_SSD",
                "insights_config": [],
                "ip_configuration": [
                  {
                    "allocated_ip_range": "",
                    "authorized_networks": [
                      {
                        "expiration_time": "",
                        "name": "public-access",
                        "value": "0.0.0.0/0"
                      }
                    ],
                    "enable_private_path_for_google_cloud_services": false,
                    "ipv4_enabled": true,
                    "private_network": "",
                    "require_ssl": false
                  }
                ],
                "location_preference": [
                  {
                    "follow_gae_application": "",
                    "secondary_zone": "",
                    "zone": "us-east1-b"
                  }
                ],
                "maintenance_window": [],
                "password_validation_policy": [],
                "pricing_plan": "PER_USE",
                "sql_server_audit_config": [],
                "tier": "db-f1-micro",
                "time_zone": "",
                "user_labels": {},
                "version": 2
              }
            ],
            "timeouts": null
          },
          "sensitive_attributes": [],
          "private": "eyJlMmJmYjczMC1lY2FhLTExZTYtOGY4OC0zNDM2M2JjN2M0YzAiOnsiY3JlYXRlIjoyNDAwMDAwMDAwMDAwLCJkZWxldGUiOjE4MDAwMDAwMDAwMDAsInVwZGF0ZSI6MTgwMDAwMDAwMDAwMH19"
        }
      ]
    },
    {
      "mode": "managed",
      "type": "google_sql_user",
      "name": "app_user",
      "provider": "provider[\"registry.terraform.io/hashicorp/google\"]",
      "instances": [
        {
          "schema_version": 1,
          "attributes": {
            "deletion_policy": null,
            "host": "",
            "id": "app//postgresql-instance",
            "instance": "postgresql-instance",
            "name": "app",
            "password": "(yTbjt{XPlQmXzeO",
            "password_policy": [],
            "project": "andes-384517",
            "sql_server_user_details": [],
            "timeouts": null,
            "type": ""
          },
          "sensitive_attributes": [
            [
              {
                "type": "get_attr",
                "value": "password"
              }
            ]
          ],
          "private": "eyJlMmJmYjczMC1lY2FhLTExZTYtOGY4OC0zNDM2M2JjN2M0YzAiOnsiY3JlYXRlIjo2MDAwMDAwMDAwMDAsImRlbGV0ZSI6NjAwMDAwMDAwMDAwLCJ1cGRhdGUiOjYwMDAwMDAwMDAwMH0sInNjaGVtYV92ZXJzaW9uIjoiMSJ9",
          "dependencies": [
            "google_sql_database_instance.postgresql_instance",
            "random_password.postgresql_password"
          ]
        }
      ]
    },
    {
      "mode": "managed",
      "type": "google_storage_bucket_iam_binding",
      "name": "allow_zipped_app",
      "provider": "provider[\"registry.terraform.io/hashicorp/google\"]",
      "instances": [
        {
          "schema_version": 0,
          "attributes": {
            "bucket": "b/flas-app",
            "condition": [],
            "etag": "CAs=",
            "id": "b/flas-app/roles/storage.objectViewer",
            "members": [
              "serviceAccount:allow-zip-sa@andes-384517.iam.gserviceaccount.com"
            ],
            "role": "roles/storage.objectViewer"
          },
          "sensitive_attributes": [],
          "private": "bnVsbA==",
          "dependencies": [
            "google_service_account.allow_zipped_app"
          ]
        }
      ]
    },
    {
      "mode": "managed",
      "type": "google_storage_bucket_iam_member",
      "name": "allow_zipped_app",
      "provider": "provider[\"registry.terraform.io/hashicorp/google\"]",
      "instances": [
        {
          "schema_version": 0,
          "attributes": {
            "bucket": "b/flas-app",
            "condition": [],
            "etag": "CAs=",
            "id": "b/flas-app/roles/storage.objectViewer/serviceAccount:allow-zip-sa@andes-384517.iam.gserviceaccount.com",
            "member": "serviceAccount:allow-zip-sa@andes-384517.iam.gserviceaccount.com",
            "role": "roles/storage.objectViewer"
          },
          "sensitive_attributes": [],
          "private": "bnVsbA==",
          "dependencies": [
            "google_service_account.allow_zipped_app"
          ]
        }
      ]
    },
    {
      "mode": "managed",
      "type": "random_password",
      "name": "postgresql_password",
      "provider": "provider[\"registry.terraform.io/hashicorp/random\"]",
      "instances": [
        {
          "schema_version": 3,
          "attributes": {
            "bcrypt_hash": "$2a$10$m/MPQa6W1.ijEbMUNiyISeauwP/oN8NoXBURg1sDT8tWIVpo2Ucvu",
            "id": "none",
            "keepers": null,
            "length": 16,
            "lower": true,
            "min_lower": 0,
            "min_numeric": 0,
            "min_special": 0,
            "min_upper": 0,
            "number": true,
            "numeric": true,
            "override_special": "!#$%\u0026*()-_=+[]{}\u003c\u003e:?",
            "result": "(yTbjt{XPlQmXzeO",
            "special": true,
            "upper": true
          },
          "sensitive_attributes": []
        }
      ]
    }
  ],
  "check_results": []
}
