{
  "version": 4,
  "terraform_version": "1.4.6",
  "serial": 742,
  "lineage": "c6b4eabc-e436-4605-9b89-8ec168c17950",
  "outputs": {
    "database_public_ip": {
      "value": "34.75.70.14",
      "type": "string"
    },
    "database_public_password": {
      "value": "I2%kMhzoxg:PSnWa",
      "type": "string",
      "sensitive": true
    },
    "locust_public_ip": {
      "value": "35.196.22.213",
      "type": "string"
    },
    "webserver_public_ip": {
      "value": "34.102.253.137",
      "type": "string"
    },
    "worker_public_ip": {
      "value": "34.148.68.9",
      "type": "string"
    }
  },
  "resources": [
    {
      "mode": "data",
      "type": "google_compute_image",
      "name": "debian",
      "provider": "provider[\"registry.terraform.io/hashicorp/google\"]",
      "instances": [
        {
          "schema_version": 0,
          "attributes": {
            "archive_size_bytes": 1614609408,
            "creation_timestamp": "2023-04-11T15:37:22.107-07:00",
            "description": "Debian, Debian GNU/Linux, 10 (buster), amd64 built on 20230411, supports Shielded VM features",
            "disk_size_gb": 10,
            "family": "debian-10",
            "filter": null,
            "id": "projects/debian-cloud/global/images/debian-10-buster-v20230411",
            "image_encryption_key_sha256": "",
            "image_id": "4144872421361999822",
            "label_fingerprint": "42WmSpB8rSM=",
            "labels": {},
            "licenses": [
              "https://www.googleapis.com/compute/v1/projects/debian-cloud/global/licenses/debian-10-buster"
            ],
            "name": "debian-10-buster-v20230411",
            "project": "debian-cloud",
            "self_link": "https://www.googleapis.com/compute/v1/projects/debian-cloud/global/images/debian-10-buster-v20230411",
            "source_disk": "",
            "source_disk_encryption_key_sha256": "",
            "source_disk_id": "",
            "source_image_id": "",
            "status": "READY"
          },
          "sensitive_attributes": []
        }
      ]
    },
    {
      "mode": "managed",
      "type": "google_artifact_registry_repository",
      "name": "flask-api",
      "provider": "provider[\"registry.terraform.io/hashicorp/google\"]",
      "instances": [
        {
          "schema_version": 0,
          "attributes": {
            "create_time": "2023-04-29T14:55:38.750542Z",
            "description": "compressor api repository",
            "docker_config": [],
            "format": "DOCKER",
            "id": "projects/andes-384517/locations/us-east1/repositories/compressor-api",
            "kms_key_name": "",
            "labels": {},
            "location": "us-east1",
            "maven_config": [],
            "mode": "STANDARD_REPOSITORY",
            "name": "compressor-api",
            "project": "andes-384517",
            "remote_repository_config": [],
            "repository_id": "compressor-api",
            "timeouts": null,
            "update_time": "2023-04-29T14:55:38.750542Z",
            "virtual_repository_config": []
          },
          "sensitive_attributes": [],
          "private": "eyJlMmJmYjczMC1lY2FhLTExZTYtOGY4OC0zNDM2M2JjN2M0YzAiOnsiY3JlYXRlIjoxMjAwMDAwMDAwMDAwLCJkZWxldGUiOjEyMDAwMDAwMDAwMDAsInVwZGF0ZSI6MTIwMDAwMDAwMDAwMH19"
        }
      ]
    },
    {
      "mode": "managed",
      "type": "google_artifact_registry_repository_iam_binding",
      "name": "allow_artifact_read",
      "provider": "provider[\"registry.terraform.io/hashicorp/google\"]",
      "instances": [
        {
          "schema_version": 0,
          "attributes": {
            "condition": [],
            "etag": "BwX6eskEVfA=",
            "id": "projects/andes-384517/locations/us-east1/repositories/compressor-api/roles/artifactregistry.reader",
            "location": "us-east1",
            "members": [
              "serviceAccount:allow-zip-sa@andes-384517.iam.gserviceaccount.com"
            ],
            "project": "andes-384517",
            "repository": "projects/andes-384517/locations/us-east1/repositories/compressor-api",
            "role": "roles/artifactregistry.reader"
          },
          "sensitive_attributes": [],
          "private": "bnVsbA==",
          "dependencies": [
            "google_artifact_registry_repository.flask-api",
            "google_service_account.allow_zipped_app"
          ]
        }
      ]
    },
    {
      "mode": "managed",
      "type": "google_compute_autoscaler",
      "name": "web_server",
      "provider": "provider[\"registry.terraform.io/hashicorp/google\"]",
      "instances": [
        {
          "schema_version": 0,
          "attributes": {
            "autoscaling_policy": [
              {
                "cooldown_period": 60,
                "cpu_utilization": [
                  {
                    "predictive_method": "NONE",
                    "target": 0.5
                  }
                ],
                "load_balancing_utilization": [],
                "max_replicas": 3,
                "metric": [],
                "min_replicas": 3,
                "mode": "ON",
                "scale_in_control": [],
                "scaling_schedules": []
              }
            ],
            "creation_timestamp": "2023-04-29T10:46:29.918-07:00",
            "description": "",
            "id": "projects/andes-384517/zones/us-east1-b/autoscalers/web-server-autoscaler",
            "name": "web-server-autoscaler",
            "project": "andes-384517",
            "self_link": "https://www.googleapis.com/compute/v1/projects/andes-384517/zones/us-east1-b/autoscalers/web-server-autoscaler",
            "target": "https://www.googleapis.com/compute/v1/projects/andes-384517/zones/us-east1-b/instanceGroupManagers/web-server-group-manager",
            "timeouts": null,
            "zone": "https://www.googleapis.com/compute/v1/projects/andes-384517/zones/us-east1-b"
          },
          "sensitive_attributes": [],
          "private": "eyJlMmJmYjczMC1lY2FhLTExZTYtOGY4OC0zNDM2M2JjN2M0YzAiOnsiY3JlYXRlIjoxMjAwMDAwMDAwMDAwLCJkZWxldGUiOjEyMDAwMDAwMDAwMDAsInVwZGF0ZSI6MTIwMDAwMDAwMDAwMH19",
          "dependencies": [
            "data.google_compute_image.debian",
            "google_artifact_registry_repository.flask-api",
            "google_compute_instance.worker",
            "google_compute_instance_group_manager.web_server",
            "google_compute_instance_template.web_server",
            "google_service_account.allow_zipped_app",
            "google_sql_database.app_db",
            "google_sql_database_instance.postgresql_instance",
            "google_sql_user.app_user",
            "google_storage_bucket.files",
            "random_password.postgresql_password"
          ]
        }
      ]
    },
    {
      "mode": "managed",
      "type": "google_compute_backend_service",
      "name": "web_server_backend",
      "provider": "provider[\"registry.terraform.io/hashicorp/google\"]",
      "instances": [
        {
          "schema_version": 1,
          "attributes": {
            "affinity_cookie_ttl_sec": 0,
            "backend": [
              {
                "balancing_mode": "UTILIZATION",
                "capacity_scaler": 1,
                "description": "",
                "group": "https://www.googleapis.com/compute/v1/projects/andes-384517/zones/us-east1-b/instanceGroups/web-server-group-manager",
                "max_connections": 0,
                "max_connections_per_endpoint": 0,
                "max_connections_per_instance": 0,
                "max_rate": 0,
                "max_rate_per_endpoint": 0,
                "max_rate_per_instance": 0,
                "max_utilization": 0
              }
            ],
            "cdn_policy": [],
            "circuit_breakers": [],
            "compression_mode": "",
            "connection_draining_timeout_sec": 300,
            "consistent_hash": [],
            "creation_timestamp": "2023-05-07T09:22:54.411-07:00",
            "custom_request_headers": null,
            "custom_response_headers": null,
            "description": "",
            "edge_security_policy": "",
            "enable_cdn": false,
            "fingerprint": "7KcjocHJWoM=",
            "generated_id": 7814920485446774449,
            "health_checks": [
              "projects/andes-384517/global/healthChecks/web-health-check"
            ],
            "iap": [],
            "id": "projects/andes-384517/global/backendServices/web-server-backend",
            "load_balancing_scheme": "EXTERNAL",
            "locality_lb_policies": [],
            "locality_lb_policy": "",
            "log_config": [],
            "name": "web-server-backend",
            "outlier_detection": [],
            "port_name": "http",
            "project": "andes-384517",
            "protocol": "HTTP",
            "security_policy": "",
            "security_settings": [],
            "self_link": "https://www.googleapis.com/compute/v1/projects/andes-384517/global/backendServices/web-server-backend",
            "session_affinity": "NONE",
            "timeout_sec": 60,
            "timeouts": null
          },
          "sensitive_attributes": [],
          "private": "eyJlMmJmYjczMC1lY2FhLTExZTYtOGY4OC0zNDM2M2JjN2M0YzAiOnsiY3JlYXRlIjoxMjAwMDAwMDAwMDAwLCJkZWxldGUiOjEyMDAwMDAwMDAwMDAsInVwZGF0ZSI6MTIwMDAwMDAwMDAwMH0sInNjaGVtYV92ZXJzaW9uIjoiMSJ9",
          "dependencies": [
            "google_compute_health_check.web_health_check",
            "google_compute_instance_group_manager.web_server"
          ]
        }
      ]
    },
    {
      "mode": "managed",
      "type": "google_compute_firewall",
      "name": "locust_firewall",
      "provider": "provider[\"registry.terraform.io/hashicorp/google\"]",
      "instances": [
        {
          "schema_version": 1,
          "attributes": {
            "allow": [
              {
                "ports": [
                  "22",
                  "8089"
                ],
                "protocol": "tcp"
              }
            ],
            "creation_timestamp": "2023-04-29T07:55:52.505-07:00",
            "deny": [],
            "description": "",
            "destination_ranges": [],
            "direction": "INGRESS",
            "disabled": false,
            "enable_logging": null,
            "id": "projects/andes-384517/global/firewalls/locust-firewall",
            "log_config": [],
            "name": "locust-firewall",
            "network": "https://www.googleapis.com/compute/v1/projects/andes-384517/global/networks/default",
            "priority": 1000,
            "project": "andes-384517",
            "self_link": "https://www.googleapis.com/compute/v1/projects/andes-384517/global/firewalls/locust-firewall",
            "source_ranges": [
              "0.0.0.0/0"
            ],
            "source_service_accounts": [],
            "source_tags": [],
            "target_service_accounts": [],
            "target_tags": [
              "locust"
            ],
            "timeouts": null
          },
          "sensitive_attributes": [],
          "private": "eyJlMmJmYjczMC1lY2FhLTExZTYtOGY4OC0zNDM2M2JjN2M0YzAiOnsiY3JlYXRlIjoxMjAwMDAwMDAwMDAwLCJkZWxldGUiOjEyMDAwMDAwMDAwMDAsInVwZGF0ZSI6MTIwMDAwMDAwMDAwMH0sInNjaGVtYV92ZXJzaW9uIjoiMSJ9",
          "dependencies": [
            "google_compute_instance.locust",
            "google_service_account.allow_zipped_app"
          ]
        }
      ]
    },
    {
      "mode": "managed",
      "type": "google_compute_firewall",
      "name": "web_server_firewall",
      "provider": "provider[\"registry.terraform.io/hashicorp/google\"]",
      "instances": [
        {
          "schema_version": 1,
          "attributes": {
            "allow": [
              {
                "ports": [
                  "22",
                  "80",
                  "5000"
                ],
                "protocol": "tcp"
              }
            ],
            "creation_timestamp": "2023-04-29T08:15:59.304-07:00",
            "deny": [],
            "description": "",
            "destination_ranges": [],
            "direction": "INGRESS",
            "disabled": false,
            "enable_logging": null,
            "id": "projects/andes-384517/global/firewalls/web-server-firewall",
            "log_config": [],
            "name": "web-server-firewall",
            "network": "https://www.googleapis.com/compute/v1/projects/andes-384517/global/networks/default",
            "priority": 1000,
            "project": "andes-384517",
            "self_link": "https://www.googleapis.com/compute/v1/projects/andes-384517/global/firewalls/web-server-firewall",
            "source_ranges": [
              "0.0.0.0/0"
            ],
            "source_service_accounts": [],
            "source_tags": [],
            "target_service_accounts": [],
            "target_tags": [
              "web-server"
            ],
            "timeouts": null
          },
          "sensitive_attributes": [],
          "private": "eyJlMmJmYjczMC1lY2FhLTExZTYtOGY4OC0zNDM2M2JjN2M0YzAiOnsiY3JlYXRlIjoxMjAwMDAwMDAwMDAwLCJkZWxldGUiOjEyMDAwMDAwMDAwMDAsInVwZGF0ZSI6MTIwMDAwMDAwMDAwMH0sInNjaGVtYV92ZXJzaW9uIjoiMSJ9",
          "dependencies": [
            "data.google_compute_image.debian",
            "google_artifact_registry_repository.flask-api",
            "google_compute_instance.worker",
            "google_compute_instance_template.web_server",
            "google_service_account.allow_zipped_app",
            "google_sql_database.app_db",
            "google_sql_database_instance.postgresql_instance",
            "google_sql_user.app_user",
            "google_storage_bucket.files",
            "random_password.postgresql_password"
          ]
        }
      ]
    },
    {
      "mode": "managed",
      "type": "google_compute_firewall",
      "name": "worker_firewall",
      "provider": "provider[\"registry.terraform.io/hashicorp/google\"]",
      "instances": [
        {
          "schema_version": 1,
          "attributes": {
            "allow": [
              {
                "ports": [
                  "22",
                  "5555",
                  "5672",
                  "15672"
                ],
                "protocol": "tcp"
              }
            ],
            "creation_timestamp": "2023-04-29T08:15:47.838-07:00",
            "deny": [],
            "description": "",
            "destination_ranges": [],
            "direction": "INGRESS",
            "disabled": false,
            "enable_logging": null,
            "id": "projects/andes-384517/global/firewalls/worker-firewall",
            "log_config": [],
            "name": "worker-firewall",
            "network": "https://www.googleapis.com/compute/v1/projects/andes-384517/global/networks/default",
            "priority": 1000,
            "project": "andes-384517",
            "self_link": "https://www.googleapis.com/compute/v1/projects/andes-384517/global/firewalls/worker-firewall",
            "source_ranges": [
              "0.0.0.0/0"
            ],
            "source_service_accounts": [],
            "source_tags": [],
            "target_service_accounts": [],
            "target_tags": [
              "worker"
            ],
            "timeouts": null
          },
          "sensitive_attributes": [],
          "private": "eyJlMmJmYjczMC1lY2FhLTExZTYtOGY4OC0zNDM2M2JjN2M0YzAiOnsiY3JlYXRlIjoxMjAwMDAwMDAwMDAwLCJkZWxldGUiOjEyMDAwMDAwMDAwMDAsInVwZGF0ZSI6MTIwMDAwMDAwMDAwMH0sInNjaGVtYV92ZXJzaW9uIjoiMSJ9",
          "dependencies": [
            "google_compute_instance.worker",
            "google_service_account.allow_zipped_app",
            "google_sql_database.app_db",
            "google_sql_database_instance.postgresql_instance",
            "google_sql_user.app_user",
            "google_storage_bucket.files",
            "random_password.postgresql_password"
          ]
        }
      ]
    },
    {
      "mode": "managed",
      "type": "google_compute_global_address",
      "name": "web_server_static_ip",
      "provider": "provider[\"registry.terraform.io/hashicorp/google\"]",
      "instances": [
        {
          "schema_version": 0,
          "attributes": {
            "address": "34.102.253.137",
            "address_type": "EXTERNAL",
            "creation_timestamp": "2023-05-07T09:16:05.614-07:00",
            "description": "",
            "id": "projects/andes-384517/global/addresses/web-server-static-ip",
            "ip_version": "",
            "name": "web-server-static-ip",
            "network": "",
            "prefix_length": 0,
            "project": "andes-384517",
            "purpose": "",
            "self_link": "https://www.googleapis.com/compute/v1/projects/andes-384517/global/addresses/web-server-static-ip",
            "timeouts": null
          },
          "sensitive_attributes": [],
          "private": "eyJlMmJmYjczMC1lY2FhLTExZTYtOGY4OC0zNDM2M2JjN2M0YzAiOnsiY3JlYXRlIjoxMjAwMDAwMDAwMDAwLCJkZWxldGUiOjEyMDAwMDAwMDAwMDB9fQ=="
        }
      ]
    },
    {
      "mode": "managed",
      "type": "google_compute_global_forwarding_rule",
      "name": "web_server_global_forwarding_rule",
      "provider": "provider[\"registry.terraform.io/hashicorp/google\"]",
      "instances": [
        {
          "schema_version": 0,
          "attributes": {
            "description": "",
            "id": "projects/andes-384517/global/forwardingRules/web-server-global-forwarding-rule",
            "ip_address": "projects/andes-384517/global/addresses/web-server-static-ip",
            "ip_protocol": "TCP",
            "ip_version": "",
            "label_fingerprint": "42WmSpB8rSM=",
            "labels": null,
            "load_balancing_scheme": "EXTERNAL",
            "metadata_filters": [],
            "name": "web-server-global-forwarding-rule",
            "network": "",
            "port_range": "80",
            "project": "andes-384517",
            "psc_connection_id": "",
            "psc_connection_status": "",
            "self_link": "https://www.googleapis.com/compute/v1/projects/andes-384517/global/forwardingRules/web-server-global-forwarding-rule",
            "target": "projects/andes-384517/global/targetHttpProxies/web-server-target-http-proxy",
            "timeouts": null
          },
          "sensitive_attributes": [],
          "private": "eyJlMmJmYjczMC1lY2FhLTExZTYtOGY4OC0zNDM2M2JjN2M0YzAiOnsiY3JlYXRlIjoxMjAwMDAwMDAwMDAwLCJkZWxldGUiOjEyMDAwMDAwMDAwMDAsInVwZGF0ZSI6MTIwMDAwMDAwMDAwMH19",
          "dependencies": [
            "google_compute_backend_service.web_server_backend",
            "google_compute_global_address.web_server_static_ip",
            "google_compute_health_check.web_health_check",
            "google_compute_instance_group_manager.web_server",
            "google_compute_target_http_proxy.web_server_target_http_proxy",
            "google_compute_url_map.web_server_url_map"
          ]
        }
      ]
    },
    {
      "mode": "managed",
      "type": "google_compute_health_check",
      "name": "web_health_check",
      "provider": "provider[\"registry.terraform.io/hashicorp/google\"]",
      "instances": [
        {
          "schema_version": 0,
          "attributes": {
            "check_interval_sec": 60,
            "creation_timestamp": "2023-05-07T09:22:42.913-07:00",
            "description": "",
            "grpc_health_check": [],
            "healthy_threshold": 4,
            "http2_health_check": [],
            "http_health_check": [
              {
                "host": "",
                "port": 80,
                "port_name": "",
                "port_specification": "",
                "proxy_header": "NONE",
                "request_path": "/api/health",
                "response": ""
              }
            ],
            "https_health_check": [],
            "id": "projects/andes-384517/global/healthChecks/web-health-check",
            "log_config": [
              {
                "enable": false
              }
            ],
            "name": "web-health-check",
            "project": "andes-384517",
            "self_link": "https://www.googleapis.com/compute/v1/projects/andes-384517/global/healthChecks/web-health-check",
            "ssl_health_check": [],
            "tcp_health_check": [],
            "timeout_sec": 60,
            "timeouts": null,
            "type": "HTTP",
            "unhealthy_threshold": 5
          },
          "sensitive_attributes": [],
          "private": "eyJlMmJmYjczMC1lY2FhLTExZTYtOGY4OC0zNDM2M2JjN2M0YzAiOnsiY3JlYXRlIjoxMjAwMDAwMDAwMDAwLCJkZWxldGUiOjEyMDAwMDAwMDAwMDAsInVwZGF0ZSI6MTIwMDAwMDAwMDAwMH19"
        }
      ]
    },
    {
      "mode": "managed",
      "type": "google_compute_instance",
      "name": "locust",
      "provider": "provider[\"registry.terraform.io/hashicorp/google\"]",
      "instances": [
        {
          "schema_version": 6,
          "attributes": {
            "advanced_machine_features": [],
            "allow_stopping_for_update": true,
            "attached_disk": [],
            "boot_disk": [
              {
                "auto_delete": true,
                "device_name": "persistent-disk-0",
                "disk_encryption_key_raw": "",
                "disk_encryption_key_sha256": "",
                "initialize_params": [
                  {
                    "image": "https://www.googleapis.com/compute/v1/projects/debian-cloud/global/images/debian-10-buster-v20230411",
                    "labels": {},
                    "size": 10,
                    "type": "pd-standard"
                  }
                ],
                "kms_key_self_link": "",
                "mode": "READ_WRITE",
                "source": "https://www.googleapis.com/compute/v1/projects/andes-384517/zones/us-east1-b/disks/locust-instance"
              }
            ],
            "can_ip_forward": false,
            "confidential_instance_config": [],
            "cpu_platform": "Intel Haswell",
            "current_status": "RUNNING",
            "deletion_protection": false,
            "description": "",
            "desired_status": null,
            "enable_display": false,
            "guest_accelerator": [],
            "hostname": "",
            "id": "projects/andes-384517/zones/us-east1-b/instances/locust-instance",
            "instance_id": "3143790440308838659",
            "label_fingerprint": "42WmSpB8rSM=",
            "labels": {},
            "machine_type": "n1-highcpu-16",
            "metadata": {},
            "metadata_fingerprint": "8oXQ5FPn8sM=",
            "metadata_startup_script": "#!/bin/bash\n\n# install docker and docker-compose\nsudo apt update \u0026\u0026 sudo apt install -y \\\n  apt-transport-https \\\n  ca-certificates \\\n  curl \\\n  gnupg2 \\\n  gnupg-agent \\\n  software-properties-common \\\n  unzip \\\n  nfs-common\n\ncurl -fsSL https://download.docker.com/linux/debian/gpg | sudo apt-key add -\nsudo add-apt-repository \"deb [arch=amd64] https://download.docker.com/linux/debian $(lsb_release -cs) stable\"\n\nsudo apt update \u0026\u0026 apt-cache policy docker-ce \u0026\u0026 sudo apt install -y \\\n  docker-ce \\\n  docker-ce-cli \\\n  containerd.io\n\ncurl -L https://github.com/docker/compose/releases/download/1.29.1/docker-compose-$(uname -s)-$(uname -m) -o /usr/local/bin/docker-compose\nchmod +x /usr/local/bin/docker-compose\n\ngsutil cp gs://flas-app/flask-app.zip /\nunzip file\\:/flask-app.zip\n\ndocker-compose -f production.locust.yml up -d\n",
            "min_cpu_platform": "",
            "name": "locust-instance",
            "network_interface": [
              {
                "access_config": [
                  {
                    "nat_ip": "35.196.22.213",
                    "network_tier": "PREMIUM",
                    "public_ptr_domain_name": ""
                  }
                ],
                "alias_ip_range": [],
                "ipv6_access_config": [],
                "ipv6_access_type": "",
                "name": "nic0",
                "network": "https://www.googleapis.com/compute/v1/projects/andes-384517/global/networks/default",
                "network_ip": "10.142.15.199",
                "nic_type": "",
                "queue_count": 0,
                "stack_type": "IPV4_ONLY",
                "subnetwork": "https://www.googleapis.com/compute/v1/projects/andes-384517/regions/us-east1/subnetworks/default",
                "subnetwork_project": "andes-384517"
              }
            ],
            "project": "andes-384517",
            "reservation_affinity": [],
            "resource_policies": [],
            "scheduling": [
              {
                "automatic_restart": true,
                "instance_termination_action": "",
                "min_node_cpus": 0,
                "node_affinities": [],
                "on_host_maintenance": "MIGRATE",
                "preemptible": false,
                "provisioning_model": "STANDARD"
              }
            ],
            "scratch_disk": [],
            "self_link": "https://www.googleapis.com/compute/v1/projects/andes-384517/zones/us-east1-b/instances/locust-instance",
            "service_account": [
              {
                "email": "allow-zip-sa@andes-384517.iam.gserviceaccount.com",
                "scopes": [
                  "https://www.googleapis.com/auth/devstorage.read_only"
                ]
              }
            ],
            "shielded_instance_config": [
              {
                "enable_integrity_monitoring": true,
                "enable_secure_boot": false,
                "enable_vtpm": true
              }
            ],
            "tags": [
              "locust"
            ],
            "tags_fingerprint": "gsA5M00Oueg=",
            "timeouts": null,
            "zone": "us-east1-b"
          },
          "sensitive_attributes": [],
          "private": "eyJlMmJmYjczMC1lY2FhLTExZTYtOGY4OC0zNDM2M2JjN2M0YzAiOnsiY3JlYXRlIjoxMjAwMDAwMDAwMDAwLCJkZWxldGUiOjEyMDAwMDAwMDAwMDAsInVwZGF0ZSI6MTIwMDAwMDAwMDAwMH0sInNjaGVtYV92ZXJzaW9uIjoiNiJ9",
          "dependencies": [
            "google_service_account.allow_zipped_app"
          ]
        }
      ]
    },
    {
      "mode": "managed",
      "type": "google_compute_instance",
      "name": "worker",
      "provider": "provider[\"registry.terraform.io/hashicorp/google\"]",
      "instances": [
        {
          "schema_version": 6,
          "attributes": {
            "advanced_machine_features": [],
            "allow_stopping_for_update": null,
            "attached_disk": [],
            "boot_disk": [
              {
                "auto_delete": true,
                "device_name": "persistent-disk-0",
                "disk_encryption_key_raw": "",
                "disk_encryption_key_sha256": "",
                "initialize_params": [
                  {
                    "image": "https://www.googleapis.com/compute/v1/projects/debian-cloud/global/images/debian-10-buster-v20230411",
                    "labels": {},
                    "size": 10,
                    "type": "pd-standard"
                  }
                ],
                "kms_key_self_link": "",
                "mode": "READ_WRITE",
                "source": "https://www.googleapis.com/compute/v1/projects/andes-384517/zones/us-east1-b/disks/worker"
              }
            ],
            "can_ip_forward": false,
            "confidential_instance_config": [],
            "cpu_platform": "Intel Haswell",
            "current_status": "RUNNING",
            "deletion_protection": false,
            "description": "",
            "desired_status": null,
            "enable_display": false,
            "guest_accelerator": [],
            "hostname": "",
            "id": "projects/andes-384517/zones/us-east1-b/instances/worker",
            "instance_id": "4851543959175989880",
            "label_fingerprint": "42WmSpB8rSM=",
            "labels": {},
            "machine_type": "f1-micro",
            "metadata": {
              "ssh-keys": "jesusd_diazdiaz:ecdsa-sha2-nistp256 AAAAE2VjZHNhLXNoYTItbmlzdHAyNTYAAAAIbmlzdHAyNTYAAABBBOGp4/2pc5jPXQbKkI/VhnvOrafacc1D1ePRW5xdf5wAPrLnPBHw+NcgBCST+x3IdmYygjv2IEtCiNpj1rs5fPM= google-ssh {\"userName\":\"jesusd.diazdiaz@gmail.com\",\"expireOn\":\"2023-05-07T15:50:06+0000\"}\njesusd_diazdiaz:ssh-rsa AAAAB3NzaC1yc2EAAAADAQABAAABAQCJ5AYRWj9LBDJTNdZUY2Bl+0sHWF8bKTr6Dh/XchDJ6cv52fL14KJyPpyUjJy7Ics2ymLiDHQ3hbtgt2ugXpiWd3BjlipOmTSw4k/Sjo/XLUgre9ifCqJuWzlMfd1N+vlUl1stzz0ZSP+dTeJ1U/U0gC1FF8z6NoHoo9n7FviUVyE9OI+pXuv9qFjG2jZr7XAMSgF1zRe57JnDCTCWHV8GWRbaEfcHnRiy1J2y2F2rNuMzz/Sby7iSBibaJjw0G3mtjf3WAxuC/RfISjG8rA+1S2XHTkjqQ3FLa9H+4ZquR4K5T8hbP9F1FSXrEBVgXSpCjle+2R840KG7v6Ok/Vv3 google-ssh {\"userName\":\"jesusd.diazdiaz@gmail.com\",\"expireOn\":\"2023-05-07T15:50:20+0000\"}"
            },
            "metadata_fingerprint": "BoSOtso36Dc=",
            "metadata_startup_script": "#!/bin/bash\n\n# install docker and docker-compose\nsudo apt update \u0026\u0026 sudo apt install -y \\\n  apt-transport-https \\\n  ca-certificates \\\n  curl \\\n  gnupg2 \\\n  gnupg-agent \\\n  software-properties-common \\\n  unzip \\\n  nfs-common\n\n# Set environment variables\nmkdir -p .envs/.local\necho \"CLOUD_STORAGE_BUCKET=compressor-files-store\" \u003e\u003e .envs/.local/.flask\necho \"POSTGRES_HOST=34.75.70.14\" \u003e\u003e .envs/.local/.flask\necho \"POSTGRES_PORT=5432\" \u003e\u003e .envs/.local/.flask\necho \"POSTGRES_DB=app_db\" \u003e\u003e .envs/.local/.flask\necho \"POSTGRES_USER=app\" \u003e\u003e .envs/.local/.flask\necho \"POSTGRES_PASSWORD=I2%kMhzoxg:PSnWa\" \u003e\u003e .envs/.local/.flask\necho \"CELERY_BROKER=amqp://guest:guest@rabbitmq/\" \u003e\u003e .envs/.local/.flask\n\ncurl -fsSL https://download.docker.com/linux/debian/gpg | sudo apt-key add -\nsudo add-apt-repository \"deb [arch=amd64] https://download.docker.com/linux/debian $(lsb_release -cs) stable\"\n\nsudo apt update \u0026\u0026 apt-cache policy docker-ce \u0026\u0026 sudo apt install -y \\\n  docker-ce \\\n  docker-ce-cli \\\n  containerd.io\n\ncurl -L https://github.com/docker/compose/releases/download/1.29.1/docker-compose-$(uname -s)-$(uname -m) -o /usr/local/bin/docker-compose\nchmod +x /usr/local/bin/docker-compose\n\ngsutil cp gs://flas-app/flask-app.zip /\nunzip file\\:/flask-app.zip\n\ndocker-compose -f production.worker.yml up -d\n",
            "min_cpu_platform": "",
            "name": "worker",
            "network_interface": [
              {
                "access_config": [
                  {
                    "nat_ip": "34.148.68.9",
                    "network_tier": "PREMIUM",
                    "public_ptr_domain_name": ""
                  }
                ],
                "alias_ip_range": [],
                "ipv6_access_config": [],
                "ipv6_access_type": "",
                "name": "nic0",
                "network": "https://www.googleapis.com/compute/v1/projects/andes-384517/global/networks/default",
                "network_ip": "10.142.15.200",
                "nic_type": "",
                "queue_count": 0,
                "stack_type": "IPV4_ONLY",
                "subnetwork": "https://www.googleapis.com/compute/v1/projects/andes-384517/regions/us-east1/subnetworks/default",
                "subnetwork_project": "andes-384517"
              }
            ],
            "project": "andes-384517",
            "reservation_affinity": [],
            "resource_policies": [],
            "scheduling": [
              {
                "automatic_restart": true,
                "instance_termination_action": "",
                "min_node_cpus": 0,
                "node_affinities": [],
                "on_host_maintenance": "MIGRATE",
                "preemptible": false,
                "provisioning_model": "STANDARD"
              }
            ],
            "scratch_disk": [],
            "self_link": "https://www.googleapis.com/compute/v1/projects/andes-384517/zones/us-east1-b/instances/worker",
            "service_account": [
              {
                "email": "allow-zip-sa@andes-384517.iam.gserviceaccount.com",
                "scopes": [
                  "https://www.googleapis.com/auth/cloud-platform"
                ]
              }
            ],
            "shielded_instance_config": [
              {
                "enable_integrity_monitoring": true,
                "enable_secure_boot": false,
                "enable_vtpm": true
              }
            ],
            "tags": [
              "worker"
            ],
            "tags_fingerprint": "uvqiNQvnefU=",
            "timeouts": null,
            "zone": "us-east1-b"
          },
          "sensitive_attributes": [
            [
              {
                "type": "get_attr",
                "value": "metadata_startup_script"
              }
            ]
          ],
          "private": "eyJlMmJmYjczMC1lY2FhLTExZTYtOGY4OC0zNDM2M2JjN2M0YzAiOnsiY3JlYXRlIjoxMjAwMDAwMDAwMDAwLCJkZWxldGUiOjEyMDAwMDAwMDAwMDAsInVwZGF0ZSI6MTIwMDAwMDAwMDAwMH0sInNjaGVtYV92ZXJzaW9uIjoiNiJ9",
          "dependencies": [
            "google_service_account.allow_zipped_app",
            "google_sql_database.app_db",
            "google_sql_database_instance.postgresql_instance",
            "google_sql_user.app_user",
            "google_storage_bucket.files",
            "random_password.postgresql_password"
          ]
        }
      ]
    },
    {
      "mode": "managed",
      "type": "google_compute_instance_group_manager",
      "name": "web_server",
      "provider": "provider[\"registry.terraform.io/hashicorp/google\"]",
      "instances": [
        {
          "schema_version": 0,
          "attributes": {
            "auto_healing_policies": [],
            "base_instance_name": "autoscaler-web-server",
            "description": "",
            "fingerprint": "pt05-DvgY10=",
            "id": "projects/andes-384517/zones/us-east1-b/instanceGroupManagers/web-server-group-manager",
            "instance_group": "https://www.googleapis.com/compute/v1/projects/andes-384517/zones/us-east1-b/instanceGroups/web-server-group-manager",
            "list_managed_instances_results": "PAGELESS",
            "name": "web-server-group-manager",
            "named_port": [
              {
                "name": "http",
                "port": 80
              }
            ],
            "operation": null,
            "project": "andes-384517",
            "self_link": "https://www.googleapis.com/compute/v1/projects/andes-384517/zones/us-east1-b/instanceGroupManagers/web-server-group-manager",
            "stateful_disk": [],
            "status": [
              {
                "is_stable": true,
                "stateful": [
                  {
                    "has_stateful_config": false,
                    "per_instance_configs": [
                      {
                        "all_effective": true
                      }
                    ]
                  }
                ],
                "version_target": [
                  {
                    "is_reached": true
                  }
                ]
              }
            ],
            "target_pools": [],
            "target_size": 3,
            "timeouts": null,
            "update_policy": [
              {
                "max_surge_fixed": 1,
                "max_surge_percent": 0,
                "max_unavailable_fixed": 1,
                "max_unavailable_percent": 0,
                "minimal_action": "REPLACE",
                "most_disruptive_allowed_action": "",
                "replacement_method": "SUBSTITUTE",
                "type": "OPPORTUNISTIC"
              }
            ],
            "version": [
              {
                "instance_template": "https://www.googleapis.com/compute/v1/projects/andes-384517/global/instanceTemplates/web-server-template",
                "name": "primary",
                "target_size": []
              }
            ],
            "wait_for_instances": false,
            "wait_for_instances_status": "STABLE",
            "zone": "us-east1-b"
          },
          "sensitive_attributes": [],
          "private": "eyJlMmJmYjczMC1lY2FhLTExZTYtOGY4OC0zNDM2M2JjN2M0YzAiOnsiY3JlYXRlIjo5MDAwMDAwMDAwMDAsImRlbGV0ZSI6OTAwMDAwMDAwMDAwLCJ1cGRhdGUiOjkwMDAwMDAwMDAwMH19",
          "dependencies": [
            "data.google_compute_image.debian",
            "google_artifact_registry_repository.flask-api",
            "google_compute_instance.worker",
            "google_compute_instance_template.web_server",
            "google_service_account.allow_zipped_app",
            "google_sql_database.app_db",
            "google_sql_database_instance.postgresql_instance",
            "google_sql_user.app_user",
            "google_storage_bucket.files",
            "random_password.postgresql_password"
          ]
        }
      ]
    },
    {
      "mode": "managed",
      "type": "google_compute_instance_template",
      "name": "web_server",
      "provider": "provider[\"registry.terraform.io/hashicorp/google\"]",
      "instances": [
        {
          "schema_version": 1,
          "attributes": {
            "advanced_machine_features": [],
            "can_ip_forward": false,
            "confidential_instance_config": [],
            "description": "",
            "disk": [
              {
                "auto_delete": true,
                "boot": true,
                "device_name": "persistent-disk-0",
                "disk_encryption_key": [],
                "disk_name": "",
                "disk_size_gb": 0,
                "disk_type": "pd-standard",
                "interface": "SCSI",
                "labels": {},
                "mode": "READ_WRITE",
                "resource_policies": [],
                "source": "",
                "source_image": "projects/debian-cloud/global/images/debian-10-buster-v20230411",
                "source_image_encryption_key": [],
                "source_snapshot": "",
                "source_snapshot_encryption_key": [],
                "type": "PERSISTENT"
              }
            ],
            "guest_accelerator": [],
            "id": "projects/andes-384517/global/instanceTemplates/web-server-template",
            "instance_description": "",
            "labels": null,
            "machine_type": "f1-micro",
            "metadata": {},
            "metadata_fingerprint": "Lqp5BPA4EnE=",
            "metadata_startup_script": "#!/bin/bash\n\n# install docker and docker-compose\nsudo apt update \u0026\u0026 sudo apt install -y \\\n  apt-transport-https \\\n  ca-certificates \\\n  curl \\\n  gnupg2 \\\n  gnupg-agent \\\n  software-properties-common \\\n  unzip \\\n  nfs-common\n\n# Set environment variables\nmkdir -p .envs/.local\necho \"CLOUD_STORAGE_BUCKET=compressor-files-store\" \u003e\u003e .envs/.local/.flask\necho \"POSTGRES_HOST=34.75.70.14\" \u003e\u003e .envs/.local/.flask\necho \"POSTGRES_PORT=5432\" \u003e\u003e .envs/.local/.flask\necho \"POSTGRES_DB=app_db\" \u003e\u003e .envs/.local/.flask\necho \"POSTGRES_USER=app\" \u003e\u003e .envs/.local/.flask\necho \"POSTGRES_PASSWORD=I2%kMhzoxg:PSnWa\" \u003e\u003e .envs/.local/.flask\necho \"CELERY_BROKER=amqp://guest:guest@34.148.68.9/\" \u003e\u003e .envs/.local/.flask\n\ncurl -fsSL https://download.docker.com/linux/debian/gpg | sudo apt-key add -\nsudo add-apt-repository \"deb [arch=amd64] https://download.docker.com/linux/debian $(lsb_release -cs) stable\"\n\nsudo apt update \u0026\u0026 apt-cache policy docker-ce \u0026\u0026 sudo apt install -y \\\n  docker-ce \\\n  docker-ce-cli \\\n  containerd.io\n\nsudo gcloud auth print-access-token | sudo docker login -u oauth2accesstoken --password-stdin us-east1-docker.pkg.dev\nsudo docker run -d -p 80:5000 --env-file ./.envs/.local/.flask -e FLASK_APP=\"compressor.app:create_app\" -e APP_SETTINGS=\"compressor.config.DevelopmentConfig\" -e FLASK_DEBUG=1 us-east1-docker.pkg.dev/andes-384517/compressor-api/api:latest gunicorn -b 0.0.0.0:5000 compressor.wsgi:app\n",
            "min_cpu_platform": "",
            "name": "web-server-template",
            "name_prefix": null,
            "network_interface": [
              {
                "access_config": [
                  {
                    "nat_ip": "",
                    "network_tier": "PREMIUM",
                    "public_ptr_domain_name": ""
                  }
                ],
                "alias_ip_range": [],
                "ipv6_access_config": [],
                "ipv6_access_type": "",
                "name": "nic0",
                "network": "https://www.googleapis.com/compute/v1/projects/andes-384517/global/networks/default",
                "network_ip": "",
                "nic_type": "",
                "queue_count": 0,
                "stack_type": "",
                "subnetwork": "",
                "subnetwork_project": ""
              }
            ],
            "project": "andes-384517",
            "region": null,
            "reservation_affinity": [],
            "resource_policies": null,
            "scheduling": [
              {
                "automatic_restart": true,
                "instance_termination_action": "",
                "min_node_cpus": 0,
                "node_affinities": [],
                "on_host_maintenance": "MIGRATE",
                "preemptible": false,
                "provisioning_model": "STANDARD"
              }
            ],
            "self_link": "https://www.googleapis.com/compute/v1/projects/andes-384517/global/instanceTemplates/web-server-template",
            "self_link_unique": "https://www.googleapis.com/compute/v1/projects/andes-384517/global/instanceTemplates/web-server-template?uniqueId=3068605783661906508",
            "service_account": [
              {
                "email": "allow-zip-sa@andes-384517.iam.gserviceaccount.com",
                "scopes": [
                  "https://www.googleapis.com/auth/cloud-platform"
                ]
              }
            ],
            "shielded_instance_config": [],
            "tags": [
              "web-server"
            ],
            "tags_fingerprint": "",
            "timeouts": null
          },
          "sensitive_attributes": [
            [
              {
                "type": "get_attr",
                "value": "metadata_startup_script"
              }
            ]
          ],
          "private": "eyJlMmJmYjczMC1lY2FhLTExZTYtOGY4OC0zNDM2M2JjN2M0YzAiOnsiY3JlYXRlIjoyNDAwMDAwMDAwMDAsImRlbGV0ZSI6MjQwMDAwMDAwMDAwfSwic2NoZW1hX3ZlcnNpb24iOiIxIn0=",
          "dependencies": [
            "data.google_compute_image.debian",
            "google_artifact_registry_repository.flask-api",
            "google_compute_instance.worker",
            "google_service_account.allow_zipped_app",
            "google_sql_database.app_db",
            "google_sql_database_instance.postgresql_instance",
            "google_sql_user.app_user",
            "google_storage_bucket.files",
            "random_password.postgresql_password"
          ]
        }
      ]
    },
    {
      "mode": "managed",
      "type": "google_compute_target_http_proxy",
      "name": "web_server_target_http_proxy",
      "provider": "provider[\"registry.terraform.io/hashicorp/google\"]",
      "instances": [
        {
          "schema_version": 0,
          "attributes": {
            "creation_timestamp": "2023-05-07T09:23:27.222-07:00",
            "description": "",
            "id": "projects/andes-384517/global/targetHttpProxies/web-server-target-http-proxy",
            "name": "web-server-target-http-proxy",
            "project": "andes-384517",
            "proxy_bind": false,
            "proxy_id": 2843880862670024336,
            "self_link": "https://www.googleapis.com/compute/v1/projects/andes-384517/global/targetHttpProxies/web-server-target-http-proxy",
            "timeouts": null,
            "url_map": "https://www.googleapis.com/compute/v1/projects/andes-384517/global/urlMaps/web-server-url-map"
          },
          "sensitive_attributes": [],
          "private": "eyJlMmJmYjczMC1lY2FhLTExZTYtOGY4OC0zNDM2M2JjN2M0YzAiOnsiY3JlYXRlIjoxMjAwMDAwMDAwMDAwLCJkZWxldGUiOjEyMDAwMDAwMDAwMDAsInVwZGF0ZSI6MTIwMDAwMDAwMDAwMH19",
          "dependencies": [
            "google_compute_backend_service.web_server_backend",
            "google_compute_health_check.web_health_check",
            "google_compute_instance_group_manager.web_server",
            "google_compute_url_map.web_server_url_map"
          ]
        }
      ]
    },
    {
      "mode": "managed",
      "type": "google_compute_url_map",
      "name": "web_server_url_map",
      "provider": "provider[\"registry.terraform.io/hashicorp/google\"]",
      "instances": [
        {
          "schema_version": 0,
          "attributes": {
            "creation_timestamp": "2023-05-07T09:23:15.904-07:00",
            "default_route_action": [],
            "default_service": "https://www.googleapis.com/compute/v1/projects/andes-384517/global/backendServices/web-server-backend",
            "default_url_redirect": [],
            "description": "",
            "fingerprint": "HJzsHd8istg=",
            "header_action": [],
            "host_rule": [
              {
                "description": "",
                "hosts": [
                  "*"
                ],
                "path_matcher": "allpaths"
              }
            ],
            "id": "projects/andes-384517/global/urlMaps/web-server-url-map",
            "map_id": 3581124093656329884,
            "name": "web-server-url-map",
            "path_matcher": [
              {
                "default_route_action": [],
                "default_service": "https://www.googleapis.com/compute/v1/projects/andes-384517/global/backendServices/web-server-backend",
                "default_url_redirect": [],
                "description": "",
                "header_action": [],
                "name": "allpaths",
                "path_rule": [],
                "route_rules": []
              }
            ],
            "project": "andes-384517",
            "self_link": "https://www.googleapis.com/compute/v1/projects/andes-384517/global/urlMaps/web-server-url-map",
            "test": [],
            "timeouts": null
          },
          "sensitive_attributes": [],
          "private": "eyJlMmJmYjczMC1lY2FhLTExZTYtOGY4OC0zNDM2M2JjN2M0YzAiOnsiY3JlYXRlIjoxMjAwMDAwMDAwMDAwLCJkZWxldGUiOjEyMDAwMDAwMDAwMDAsInVwZGF0ZSI6MTIwMDAwMDAwMDAwMH19",
          "dependencies": [
            "google_compute_backend_service.web_server_backend",
            "google_compute_health_check.web_health_check",
            "google_compute_instance_group_manager.web_server"
          ]
        }
      ]
    },
    {
      "mode": "managed",
      "type": "google_service_account",
      "name": "allow_zipped_app",
      "provider": "provider[\"registry.terraform.io/hashicorp/google\"]",
      "instances": [
        {
          "schema_version": 0,
          "attributes": {
            "account_id": "allow-zip-sa",
            "description": "",
            "disabled": false,
            "display_name": "Allow Zip Account",
            "email": "allow-zip-sa@andes-384517.iam.gserviceaccount.com",
            "id": "projects/andes-384517/serviceAccounts/allow-zip-sa@andes-384517.iam.gserviceaccount.com",
            "member": "serviceAccount:allow-zip-sa@andes-384517.iam.gserviceaccount.com",
            "name": "projects/andes-384517/serviceAccounts/allow-zip-sa@andes-384517.iam.gserviceaccount.com",
            "project": "andes-384517",
            "timeouts": null,
            "unique_id": "105737010903686806548"
          },
          "sensitive_attributes": [],
          "private": "eyJlMmJmYjczMC1lY2FhLTExZTYtOGY4OC0zNDM2M2JjN2M0YzAiOnsiY3JlYXRlIjozMDAwMDAwMDAwMDB9fQ=="
        }
      ]
    },
    {
      "mode": "managed",
      "type": "google_sql_database",
      "name": "app_db",
      "provider": "provider[\"registry.terraform.io/hashicorp/google\"]",
      "instances": [
        {
          "schema_version": 0,
          "attributes": {
            "charset": "UTF8",
            "collation": "en_US.UTF8",
            "deletion_policy": "DELETE",
            "id": "projects/andes-384517/instances/postgresql-instance/databases/app_db",
            "instance": "postgresql-instance",
            "name": "app_db",
            "project": "andes-384517",
            "self_link": "https://sqladmin.googleapis.com/sql/v1beta4/projects/andes-384517/instances/postgresql-instance/databases/app_db",
            "timeouts": null
          },
          "sensitive_attributes": [],
          "private": "eyJlMmJmYjczMC1lY2FhLTExZTYtOGY4OC0zNDM2M2JjN2M0YzAiOnsiY3JlYXRlIjoxMjAwMDAwMDAwMDAwLCJkZWxldGUiOjEyMDAwMDAwMDAwMDAsInVwZGF0ZSI6MTIwMDAwMDAwMDAwMH19",
          "dependencies": [
            "google_sql_database_instance.postgresql_instance"
          ]
        }
      ]
    },
    {
      "mode": "managed",
      "type": "google_sql_database_instance",
      "name": "postgresql_instance",
      "provider": "provider[\"registry.terraform.io/hashicorp/google\"]",
      "instances": [
        {
          "schema_version": 0,
          "attributes": {
            "available_maintenance_versions": [],
            "clone": [],
            "connection_name": "andes-384517:us-east1:postgresql-instance",
            "database_version": "POSTGRES_11",
            "deletion_protection": false,
            "encryption_key_name": null,
            "first_ip_address": "34.75.70.14",
            "id": "postgresql-instance",
            "instance_type": "CLOUD_SQL_INSTANCE",
            "ip_address": [
              {
                "ip_address": "34.75.70.14",
                "time_to_retire": "",
                "type": "PRIMARY"
              },
              {
                "ip_address": "34.23.76.145",
                "time_to_retire": "",
                "type": "OUTGOING"
              }
            ],
            "maintenance_version": "POSTGRES_11_17.R20230316.02_02",
            "master_instance_name": "",
            "name": "postgresql-instance",
            "private_ip_address": "",
            "project": "andes-384517",
            "public_ip_address": "34.75.70.14",
            "region": "us-east1",
            "replica_configuration": [],
            "restore_backup_context": [],
            "root_password": null,
            "self_link": "https://sqladmin.googleapis.com/sql/v1beta4/projects/andes-384517/instances/postgresql-instance",
            "server_ca_cert": [
              {
                "cert": "-----BEGIN CERTIFICATE-----\nMIIDfzCCAmegAwIBAgIBADANBgkqhkiG9w0BAQsFADB3MS0wKwYDVQQuEyQ4YjBk\nZWY1OC1iMmI0LTQxYTMtODE5Zi03YzIxNTEzNjdjMTcxIzAhBgNVBAMTGkdvb2ds\nZSBDbG91ZCBTUUwgU2VydmVyIENBMRQwEgYDVQQKEwtHb29nbGUsIEluYzELMAkG\nA1UEBhMCVVMwHhcNMjMwNDI5MTQ1NTI4WhcNMzMwNDI2MTQ1NjI4WjB3MS0wKwYD\nVQQuEyQ4YjBkZWY1OC1iMmI0LTQxYTMtODE5Zi03YzIxNTEzNjdjMTcxIzAhBgNV\nBAMTGkdvb2dsZSBDbG91ZCBTUUwgU2VydmVyIENBMRQwEgYDVQQKEwtHb29nbGUs\nIEluYzELMAkGA1UEBhMCVVMwggEiMA0GCSqGSIb3DQEBAQUAA4IBDwAwggEKAoIB\nAQCOUhN1obf2+97ZnQhqDzihGEfQl7fsTXkby3+N+MxJQ67XLSVc4X4vPJw8AsY/\n5XFJDmKG3yyygfYqB/uXi1+06uwivmUulnYGrCcdG9zmkTJiZ6IGp9wrxuh0Jt3V\nv3ZImjZPnmlVdZ/IN4CdpMivCvtjH1sGp0csccnedEJ8qduOWTNYxgx4N3q7bXEc\nBLPcSuTePRZi0YlkZGZKORoJWvt+jv3Br5JF/4MdLnQhtqthe8h5ySKUfz8wI53F\nBRwkvM2EgU+Cm9zcE0OM4wdoQ4yxVHua1+PEtoiHnNXKxRSRVHp4ohoUKn5AoS+g\n0fep7ylneQcsb93zMxPgYuvzAgMBAAGjFjAUMBIGA1UdEwEB/wQIMAYBAf8CAQAw\nDQYJKoZIhvcNAQELBQADggEBAEViKwA4PnPfKNmkahAuQcmFdvx49wNYgjONiqky\nluJoN02pQZASnQLZH5Mr/1WTBZ2W7Hdv6u0Y+dDZCI/CIpraYZKVMsNLy/9oUxQ5\n/9b7JCS1UlHE8M5H8NT1Y7kLS7mLwUE5zD4GsdKXJ6+z7OqOSUtHE3yG2dR02TfY\nstieAznnL1I7djsze4OA42a9HR1GvTg80I0NTKWCpTlkQvpaSASPqtm1TtEk0KOz\nTjJ0MTIIpfW/c5hTDc9LukZ1US8YRAnd0HzAiPw1al1ppX6BZW93LdFwoIDzVo+5\nD9wwC/ieMVk3DWOhNs/W0nZ61zHGQ9zFyUTtKCGeFnpL2Kg=\n-----END CERTIFICATE-----",
                "common_name": "C=US,O=Google\\, Inc,CN=Google Cloud SQL Server CA,dnQualifier=8b0def58-b2b4-41a3-819f-7c2151367c17",
                "create_time": "2023-04-29T14:55:28.170Z",
                "expiration_time": "2033-04-26T14:56:28.170Z",
                "sha1_fingerprint": "e39f767a064e4f7063f9753c67c0e64312edb0b3"
              }
            ],
            "service_account_email_address": "p465374495373-unj3w6@gcp-sa-cloud-sql.iam.gserviceaccount.com",
            "settings": [
              {
                "activation_policy": "ALWAYS",
                "active_directory_config": [],
                "availability_type": "ZONAL",
                "backup_configuration": [
                  {
                    "backup_retention_settings": [
                      {
                        "retained_backups": 7,
                        "retention_unit": "COUNT"
                      }
                    ],
                    "binary_log_enabled": false,
                    "enabled": false,
                    "location": "",
                    "point_in_time_recovery_enabled": false,
                    "start_time": "14:00",
                    "transaction_log_retention_days": 7
                  }
                ],
                "collation": "",
                "connector_enforcement": "NOT_REQUIRED",
                "database_flags": [],
                "deletion_protection_enabled": false,
                "deny_maintenance_period": [],
                "disk_autoresize": true,
                "disk_autoresize_limit": 0,
                "disk_size": 10,
                "disk_type": "PD_SSD",
                "insights_config": [],
                "ip_configuration": [
                  {
                    "allocated_ip_range": "",
                    "authorized_networks": [
                      {
                        "expiration_time": "",
                        "name": "public-access",
                        "value": "0.0.0.0/0"
                      }
                    ],
                    "enable_private_path_for_google_cloud_services": false,
                    "ipv4_enabled": true,
                    "private_network": "",
                    "require_ssl": false
                  }
                ],
                "location_preference": [
                  {
                    "follow_gae_application": "",
                    "secondary_zone": "",
                    "zone": "us-east1-b"
                  }
                ],
                "maintenance_window": [],
                "password_validation_policy": [],
                "pricing_plan": "PER_USE",
                "sql_server_audit_config": [],
                "tier": "db-f1-micro",
                "time_zone": "",
                "user_labels": {},
                "version": 3
              }
            ],
            "timeouts": null
          },
          "sensitive_attributes": [],
          "private": "eyJlMmJmYjczMC1lY2FhLTExZTYtOGY4OC0zNDM2M2JjN2M0YzAiOnsiY3JlYXRlIjoyNDAwMDAwMDAwMDAwLCJkZWxldGUiOjE4MDAwMDAwMDAwMDAsInVwZGF0ZSI6MTgwMDAwMDAwMDAwMH19"
        }
      ]
    },
    {
      "mode": "managed",
      "type": "google_sql_user",
      "name": "app_user",
      "provider": "provider[\"registry.terraform.io/hashicorp/google\"]",
      "instances": [
        {
          "schema_version": 1,
          "attributes": {
            "deletion_policy": null,
            "host": "",
            "id": "app//postgresql-instance",
            "instance": "postgresql-instance",
            "name": "app",
            "password": "I2%kMhzoxg:PSnWa",
            "password_policy": [],
            "project": "andes-384517",
            "sql_server_user_details": [],
            "timeouts": null,
            "type": ""
          },
          "sensitive_attributes": [
            [
              {
                "type": "get_attr",
                "value": "password"
              }
            ]
          ],
          "private": "eyJlMmJmYjczMC1lY2FhLTExZTYtOGY4OC0zNDM2M2JjN2M0YzAiOnsiY3JlYXRlIjo2MDAwMDAwMDAwMDAsImRlbGV0ZSI6NjAwMDAwMDAwMDAwLCJ1cGRhdGUiOjYwMDAwMDAwMDAwMH0sInNjaGVtYV92ZXJzaW9uIjoiMSJ9",
          "dependencies": [
            "google_sql_database_instance.postgresql_instance",
            "random_password.postgresql_password"
          ]
        }
      ]
    },
    {
      "mode": "managed",
      "type": "google_storage_bucket",
      "name": "files",
      "provider": "provider[\"registry.terraform.io/hashicorp/google\"]",
      "instances": [
        {
          "schema_version": 0,
          "attributes": {
            "autoclass": [],
            "cors": [],
            "custom_placement_config": [],
            "default_event_based_hold": false,
            "encryption": [],
            "force_destroy": true,
            "id": "compressor-files-store",
            "labels": {},
            "lifecycle_rule": [],
            "location": "US",
            "logging": [],
            "name": "compressor-files-store",
            "project": "andes-384517",
            "public_access_prevention": "inherited",
            "requester_pays": false,
            "retention_policy": [],
            "self_link": "https://www.googleapis.com/storage/v1/b/compressor-files-store",
            "storage_class": "STANDARD",
            "timeouts": null,
            "uniform_bucket_level_access": false,
            "url": "gs://compressor-files-store",
            "versioning": [],
            "website": []
          },
          "sensitive_attributes": [],
          "private": "eyJlMmJmYjczMC1lY2FhLTExZTYtOGY4OC0zNDM2M2JjN2M0YzAiOnsiY3JlYXRlIjo2MDAwMDAwMDAwMDAsInJlYWQiOjI0MDAwMDAwMDAwMCwidXBkYXRlIjoyNDAwMDAwMDAwMDB9fQ=="
        }
      ]
    },
    {
      "mode": "managed",
      "type": "google_storage_bucket_iam_binding",
      "name": "allow_files_admin",
      "provider": "provider[\"registry.terraform.io/hashicorp/google\"]",
      "instances": [
        {
          "schema_version": 0,
          "attributes": {
            "bucket": "b/compressor-files-store",
            "condition": [],
            "etag": "CAY=",
            "id": "b/compressor-files-store/roles/storage.admin",
            "members": [
              "serviceAccount:allow-zip-sa@andes-384517.iam.gserviceaccount.com"
            ],
            "role": "roles/storage.admin"
          },
          "sensitive_attributes": [],
          "private": "bnVsbA==",
          "dependencies": [
            "google_service_account.allow_zipped_app",
            "google_storage_bucket.files"
          ]
        }
      ]
    },
    {
      "mode": "managed",
      "type": "google_storage_bucket_iam_binding",
      "name": "allow_zipped_app",
      "provider": "provider[\"registry.terraform.io/hashicorp/google\"]",
      "instances": [
        {
          "schema_version": 0,
          "attributes": {
            "bucket": "b/flas-app",
            "condition": [],
            "etag": "CCc=",
            "id": "b/flas-app/roles/storage.objectViewer",
            "members": [
              "serviceAccount:allow-zip-sa@andes-384517.iam.gserviceaccount.com"
            ],
            "role": "roles/storage.objectViewer"
          },
          "sensitive_attributes": [],
          "private": "bnVsbA==",
          "dependencies": [
            "google_service_account.allow_zipped_app"
          ]
        }
      ]
    },
    {
      "mode": "managed",
      "type": "google_storage_bucket_iam_member",
      "name": "allow_zipped_app",
      "provider": "provider[\"registry.terraform.io/hashicorp/google\"]",
      "instances": [
        {
          "schema_version": 0,
          "attributes": {
            "bucket": "b/flas-app",
            "condition": [],
            "etag": "CCc=",
            "id": "b/flas-app/roles/storage.objectViewer/serviceAccount:allow-zip-sa@andes-384517.iam.gserviceaccount.com",
            "member": "serviceAccount:allow-zip-sa@andes-384517.iam.gserviceaccount.com",
            "role": "roles/storage.objectViewer"
          },
          "sensitive_attributes": [],
          "private": "bnVsbA==",
          "dependencies": [
            "google_service_account.allow_zipped_app"
          ]
        }
      ]
    },
    {
      "mode": "managed",
      "type": "random_password",
      "name": "postgresql_password",
      "provider": "provider[\"registry.terraform.io/hashicorp/random\"]",
      "instances": [
        {
          "schema_version": 3,
          "attributes": {
            "bcrypt_hash": "$2a$10$EFo.j9o.61jR2Nl.HdZSyOr8N1XgoVVehvEx0V1VwZlp78xiK8rXC",
            "id": "none",
            "keepers": null,
            "length": 16,
            "lower": true,
            "min_lower": 0,
            "min_numeric": 0,
            "min_special": 0,
            "min_upper": 0,
            "number": true,
            "numeric": true,
            "override_special": "!#$%\u0026*()-_=+[]{}\u003c\u003e:?",
            "result": "I2%kMhzoxg:PSnWa",
            "special": true,
            "upper": true
          },
          "sensitive_attributes": []
        }
      ]
    }
  ],
  "check_results": null
}
